{
  "version": 4,
  "terraform_version": "1.6.6",
  "serial": 49,
  "lineage": "95857797-580d-eec2-a4d8-3664f7dfd63c",
  "outputs": {
    "files_out": {
      "value": [
        {
          "content": "[file 0] - jGlIyaPdiFFKjDRg",
          "content_base64": null,
          "content_base64sha256": "mELzCty7hPFjkSTYrEPxOXfuN9dUDAPkKSpWpuDjNC4=",
          "content_base64sha512": "GIfn3D0OIXFbILyFQjeIOSVoGGfjD4mcjY75YiMclyBUkAUYLrWw5w2MCijLQitSkTSo9+EUPDd5WZxfrQ5+qw==",
          "content_md5": "ff75608c099ea8fb28645acd780d73da",
          "content_sha1": "f6adaf48ab1130d40283d98fc622000282080313",
          "content_sha256": "9842f30adcbb84f1639124d8ac43f13977ee37d7540c03e4292a56a6e0e3342e",
          "content_sha512": "1887e7dc3d0e21715b20bc854237883925681867e30f899c8d8ef962231c9720549005182eb5b0e70d8c0a28cb422b529134a8f7e1143c3779599c5fad0e7eab",
          "directory_permission": "0777",
          "file_permission": "0777",
          "filename": "out/out.0.log",
          "id": "f6adaf48ab1130d40283d98fc622000282080313",
          "sensitive_content": null,
          "source": null
        },
        {
          "content": "[file 1] - DGVUUbjWQUJgBR3L",
          "content_base64": null,
          "content_base64sha256": "eLOBexLKXRAw5s7Qco3eA0TYtNFFMVgKseF2RIIblBA=",
          "content_base64sha512": "PfnXMFa2WPZ1+QYV7skYR2E1/R4nPdYPmcUc2F3qap5wmIfSKt4MA1BazwReHcaAmZccQRoOIz7OER3e6e0RLA==",
          "content_md5": "cd089a3cbe203ef61188963a5af83803",
          "content_sha1": "c152d2ab5b9f1c394ab9bcd7bae6cf93bf62a2e5",
          "content_sha256": "78b3817b12ca5d1030e6ced0728dde0344d8b4d14531580ab1e17644821b9410",
          "content_sha512": "3df9d73056b658f675f90615eec918476135fd1e273dd60f99c51cd85dea6a9e709887d22ade0c03505acf045e1dc68099971c411a0e233ece111ddee9ed112c",
          "directory_permission": "0777",
          "file_permission": "0777",
          "filename": "out/out.1.log",
          "id": "c152d2ab5b9f1c394ab9bcd7bae6cf93bf62a2e5",
          "sensitive_content": null,
          "source": null
        },
        {
          "content": "[file 2] - a10FcY2BQlfca5Ws",
          "content_base64": null,
          "content_base64sha256": "HqtkKX44LKE4UJ9I9w5XRAuA7aWALNT8kBFnAdYJ27w=",
          "content_base64sha512": "N4DznWFYB7EodbUONVlK6xT/N7RpfgHnQREYW+v2y2UdJOmQijigWYO3PHXnUGmWjg51g3bTI3fIq/2gnFRJRg==",
          "content_md5": "1a3bb28c4b896cb694dfc9307eafd72e",
          "content_sha1": "331eae40c12ec4bd36518bc8f3871578ced6b8af",
          "content_sha256": "1eab64297e382ca138509f48f70e57440b80eda5802cd4fc90116701d609dbbc",
          "content_sha512": "3780f39d615807b12875b50e35594aeb14ff37b4697e01e74111185bebf6cb651d24e9908a38a05983b73c75e75069968e0e758376d32377c8abfda09c544946",
          "directory_permission": "0777",
          "file_permission": "0777",
          "filename": "out/out.2.log",
          "id": "331eae40c12ec4bd36518bc8f3871578ced6b8af",
          "sensitive_content": null,
          "source": null
        },
        {
          "content": "[file 3] - 27q5wGXYYsBqwJja",
          "content_base64": null,
          "content_base64sha256": "WRNExDlrY9AwCMftJrTc557di03Gz+QKGMDApay6+GM=",
          "content_base64sha512": "bvPglI8IFKK4G7R+FLGEpx/Wk1m3tCiH/Kmqqze2UpEv4KCIadKIXoQTu12QIb2vB6897eYljFPSuofh6+hm7A==",
          "content_md5": "96e6f4c9f30f4d2639fb25010298a5c0",
          "content_sha1": "8df45b5c604a046566fa024660559594ab9e4e24",
          "content_sha256": "591344c4396b63d03008c7ed26b4dce79edd8b4dc6cfe40a18c0c0a5acbaf863",
          "content_sha512": "6ef3e0948f0814a2b81bb47e14b184a71fd69359b7b42887fca9aaab37b652912fe0a08869d2885e8413bb5d9021bdaf07af3dede6258c53d2ba87e1ebe866ec",
          "directory_permission": "0777",
          "file_permission": "0777",
          "filename": "out/out.4.log",
          "id": "8df45b5c604a046566fa024660559594ab9e4e24",
          "sensitive_content": null,
          "source": null
        },
        {
          "content": "[file 4] - 3dAYqW6ymPO0rLQb",
          "content_base64": null,
          "content_base64sha256": "swsz6fr8WdQUbPZUz7HNInw8VL+GZ1g7orXiY7xUT/E=",
          "content_base64sha512": "uIBtpod3tTpaywXG/iO1QdyW74NtCEFc44FtqR+9AsE3H0w+8GAnj289vtUocjGjc7+K5N9gO+3jR1JDfTTbSg==",
          "content_md5": "67069b45bc6f960e4530dae5b603ba9d",
          "content_sha1": "66713a267091f4bd2658da79373ae307e2a8e998",
          "content_sha256": "b30b33e9fafc59d4146cf654cfb1cd227c3c54bf8667583ba2b5e263bc544ff1",
          "content_sha512": "b8806da68777b53a5acb05c6fe23b541dc96ef836d08415ce3816da91fbd02c1371f4c3ef060278f6f3dbed5287231a373bf8ae4df603bede34752437d34db4a",
          "directory_permission": "0777",
          "file_permission": "0777",
          "filename": "out/out.5.log",
          "id": "66713a267091f4bd2658da79373ae307e2a8e998",
          "sensitive_content": null,
          "source": null
        },
        {
          "content": "[file 5] - kSDstWvulxePkY3q",
          "content_base64": null,
          "content_base64sha256": "2q/Cf06IuWdX7MsrIEMJ6oUKpsDqqcpWQjk/5/NJ6YY=",
          "content_base64sha512": "Do2jvVxjsM0ALfwvO8NZBYkdpUqAjIFDfvjR+PDDQpNY9NwVSCY8Olua4dajky+Q7a47508boiTSD8dgPwJe9Q==",
          "content_md5": "d7f1d362a3ae8f963a6d5860ce431328",
          "content_sha1": "26057594dbb133a2d4e2ce29231f7b42239e2cf0",
          "content_sha256": "daafc27f4e88b96757eccb2b204309ea850aa6c0eaa9ca5642393fe7f349e986",
          "content_sha512": "0e8da3bd5c63b0cd002dfc2f3bc35905891da54a808c81437ef8d1f8f0c3429358f4dc1548263c3a5b9ae1d6a3932f90edae3be74f1ba224d20fc7603f025ef5",
          "directory_permission": "0777",
          "file_permission": "0777",
          "filename": "out/out.6.log",
          "id": "26057594dbb133a2d4e2ce29231f7b42239e2cf0",
          "sensitive_content": null,
          "source": null
        },
        {
          "content": "[file 6] - cZ1oWRLe9sq29cPI",
          "content_base64": null,
          "content_base64sha256": "vmuXgb1gKnzmt5ifyGJ2p9bfi2y47pvqrk5OLrwUIgM=",
          "content_base64sha512": "rQg9hzWFyLZvYAY+pADihwb1C5rERB7rSH5eukTjw1umBAkVDfluzzt1wedj8HHS13KfWHXPurMX9BAWB4meiQ==",
          "content_md5": "1c6665133a28cba9d6cddf63559ee3a5",
          "content_sha1": "02928718582fa330cdaca75b68454de839228470",
          "content_sha256": "be6b9781bd602a7ce6b7989fc86276a7d6df8b6cb8ee9beaae4e4e2ebc142203",
          "content_sha512": "ad083d873585c8b66f60063ea400e28706f50b9ac4441eeb487e5eba44e3c35ba60409150df96ecf3b75c1e763f071d2d7729f5875cfbab317f4101607899e89",
          "directory_permission": "0777",
          "file_permission": "0777",
          "filename": "out/out.7.log",
          "id": "02928718582fa330cdaca75b68454de839228470",
          "sensitive_content": null,
          "source": null
        },
        {
          "content": "[file 7] - XLpfjpFgxaOnhqbB",
          "content_base64": null,
          "content_base64sha256": "BKVK7WRoW+RIxiXFN5tGfDdEsv+bhfEcjC6y/meyz38=",
          "content_base64sha512": "u5XgMALx5aiMetMLFG+WYA8ZA7Dt1XHh1t/SYjIpXolb80tZZcN8cwgfG4JQ/KhbhEY3ThL1WWlXryuCU7fIeg==",
          "content_md5": "7889da3eef053d25e66e74402d768d32",
          "content_sha1": "42cb7061593fde7def78771baab9820c8b3bc984",
          "content_sha256": "04a54aed64685be448c625c5379b467c3744b2ff9b85f11c8c2eb2fe67b2cf7f",
          "content_sha512": "bb95e03002f1e5a88c7ad30b146f96600f1903b0edd571e1d6dfd26232295e895bf34b5965c37c73081f1b8250fca85b8446374e12f5596957af2b8253b7c87a",
          "directory_permission": "0777",
          "file_permission": "0777",
          "filename": "out/out.8.log",
          "id": "42cb7061593fde7def78771baab9820c8b3bc984",
          "sensitive_content": null,
          "source": null
        }
      ],
      "type": [
        "tuple",
        [
          [
            "object",
            {
              "content": "string",
              "content_base64": "string",
              "content_base64sha256": "string",
              "content_base64sha512": "string",
              "content_md5": "string",
              "content_sha1": "string",
              "content_sha256": "string",
              "content_sha512": "string",
              "directory_permission": "string",
              "file_permission": "string",
              "filename": "string",
              "id": "string",
              "sensitive_content": "string",
              "source": "string"
            }
          ],
          [
            "object",
            {
              "content": "string",
              "content_base64": "string",
              "content_base64sha256": "string",
              "content_base64sha512": "string",
              "content_md5": "string",
              "content_sha1": "string",
              "content_sha256": "string",
              "content_sha512": "string",
              "directory_permission": "string",
              "file_permission": "string",
              "filename": "string",
              "id": "string",
              "sensitive_content": "string",
              "source": "string"
            }
          ],
          [
            "object",
            {
              "content": "string",
              "content_base64": "string",
              "content_base64sha256": "string",
              "content_base64sha512": "string",
              "content_md5": "string",
              "content_sha1": "string",
              "content_sha256": "string",
              "content_sha512": "string",
              "directory_permission": "string",
              "file_permission": "string",
              "filename": "string",
              "id": "string",
              "sensitive_content": "string",
              "source": "string"
            }
          ],
          [
            "object",
            {
              "content": "string",
              "content_base64": "string",
              "content_base64sha256": "string",
              "content_base64sha512": "string",
              "content_md5": "string",
              "content_sha1": "string",
              "content_sha256": "string",
              "content_sha512": "string",
              "directory_permission": "string",
              "file_permission": "string",
              "filename": "string",
              "id": "string",
              "sensitive_content": "string",
              "source": "string"
            }
          ],
          [
            "object",
            {
              "content": "string",
              "content_base64": "string",
              "content_base64sha256": "string",
              "content_base64sha512": "string",
              "content_md5": "string",
              "content_sha1": "string",
              "content_sha256": "string",
              "content_sha512": "string",
              "directory_permission": "string",
              "file_permission": "string",
              "filename": "string",
              "id": "string",
              "sensitive_content": "string",
              "source": "string"
            }
          ],
          [
            "object",
            {
              "content": "string",
              "content_base64": "string",
              "content_base64sha256": "string",
              "content_base64sha512": "string",
              "content_md5": "string",
              "content_sha1": "string",
              "content_sha256": "string",
              "content_sha512": "string",
              "directory_permission": "string",
              "file_permission": "string",
              "filename": "string",
              "id": "string",
              "sensitive_content": "string",
              "source": "string"
            }
          ],
          [
            "object",
            {
              "content": "string",
              "content_base64": "string",
              "content_base64sha256": "string",
              "content_base64sha512": "string",
              "content_md5": "string",
              "content_sha1": "string",
              "content_sha256": "string",
              "content_sha512": "string",
              "directory_permission": "string",
              "file_permission": "string",
              "filename": "string",
              "id": "string",
              "sensitive_content": "string",
              "source": "string"
            }
          ],
          [
            "object",
            {
              "content": "string",
              "content_base64": "string",
              "content_base64sha256": "string",
              "content_base64sha512": "string",
              "content_md5": "string",
              "content_sha1": "string",
              "content_sha256": "string",
              "content_sha512": "string",
              "directory_permission": "string",
              "file_permission": "string",
              "filename": "string",
              "id": "string",
              "sensitive_content": "string",
              "source": "string"
            }
          ]
        ]
      ],
      "sensitive": true
    },
    "files_out_list": {
      "value": {
        "out/out.0.log": {
          "content": "[file out/out.0.log] - out/out.0.log",
          "content_base64": null,
          "content_base64sha256": "VGlyqGappAAtuuVrUlYx2AbMTykMkIRDtKImjSXp5MA=",
          "content_base64sha512": "Nrrq+6ShHIzd1bsAzVBRUOYEekrTeClWV5kygrTbt8rV0y4CeX1hmG2o6OJFYw95tT82Z1P2obyeuI+DW9QNwQ==",
          "content_md5": "a8186bf765ff74fcce5e8fea41e9444c",
          "content_sha1": "c8dae873eed19b8017d3eae26188f6864f30bbd6",
          "content_sha256": "546972a866a9a4002dbae56b525631d806cc4f290c908443b4a2268d25e9e4c0",
          "content_sha512": "36baeafba4a11c8cddd5bb00cd505150e6047a4ad378295657993282b4dbb7cad5d32e02797d61986da8e8e245630f79b53f366753f6a1bc9eb88f835bd40dc1",
          "directory_permission": "0777",
          "file_permission": "0777",
          "filename": "out/out.0.log.list",
          "id": "c8dae873eed19b8017d3eae26188f6864f30bbd6",
          "sensitive_content": null,
          "source": null
        },
        "out/out.1.log": {
          "content": "[file out/out.1.log] - out/out.1.log",
          "content_base64": null,
          "content_base64sha256": "T1jWLm0ciqUtyMv6XLRfkrkrMR2NYdUG72C85Lqy58c=",
          "content_base64sha512": "RO335SJjOvH7AkfrYZKO//TaDf45ptSWvj+JRPuafKur10fp2F3Zq1m/0LRi6Xzsi3e1mtBb9mGJicyeOGLl4g==",
          "content_md5": "add16325e45243aee9e0a75bb1be3e7f",
          "content_sha1": "5056a771ffdf6d50aba0dff185a10acdd032f85b",
          "content_sha256": "4f58d62e6d1c8aa52dc8cbfa5cb45f92b92b311d8d61d506ef60bce4bab2e7c7",
          "content_sha512": "44edf7e522633af1fb0247eb61928efff4da0dfe39a6d496be3f8944fb9a7cababd747e9d85dd9ab59bfd0b462e97cec8b77b59ad05bf6618989cc9e3862e5e2",
          "directory_permission": "0777",
          "file_permission": "0777",
          "filename": "out/out.1.log.list",
          "id": "5056a771ffdf6d50aba0dff185a10acdd032f85b",
          "sensitive_content": null,
          "source": null
        },
        "out/out.2.log": {
          "content": "[file out/out.2.log] - out/out.2.log",
          "content_base64": null,
          "content_base64sha256": "GzV1cYY+H1eJBJVHZHsM0s2aQJEw7LF4uQflaXEf0JU=",
          "content_base64sha512": "oMOndzA6NZ7/3FlIzunrqKAqh0+1eyYN7K+Dnk4DqZJrvWSrHJFXPSmLebhSkuK/9YdRph31oN2tst1DTaLrXA==",
          "content_md5": "9500967a7ab4c936259ccb6934debd4b",
          "content_sha1": "4e7eaa7102dc124cb5ea53b5e5583a45c109af9e",
          "content_sha256": "1b357571863e1f5789049547647b0cd2cd9a409130ecb178b907e569711fd095",
          "content_sha512": "a0c3a777303a359effdc5948cee9eba8a02a874fb57b260decaf839e4e03a9926bbd64ab1c91573d298b79b85292e2bff58751a61df5a0ddadb2dd434da2eb5c",
          "directory_permission": "0777",
          "file_permission": "0777",
          "filename": "out/out.2.log.list",
          "id": "4e7eaa7102dc124cb5ea53b5e5583a45c109af9e",
          "sensitive_content": null,
          "source": null
        },
        "out/out.4.log": {
          "content": "[file out/out.4.log] - out/out.4.log",
          "content_base64": null,
          "content_base64sha256": "iUj5cJBhx/dCNjw7BMvSg88zsAMKUfjIQA/5iP2Gsws=",
          "content_base64sha512": "ysReDBjaKU4uu129GIxU/B/lbt6tlSye4+zE+BJ8S6xlUFnnzfZG+FW3cw3j9TwtvjFypRFxZJe1ADMBZ25vJg==",
          "content_md5": "b157f762c2f16c38c224e2c4acc21970",
          "content_sha1": "87c7dd2a8270578bcf6a894e8b2cce333f1e7273",
          "content_sha256": "8948f9709061c7f742363c3b04cbd283cf33b0030a51f8c8400ff988fd86b30b",
          "content_sha512": "cac45e0c18da294e2ebb5dbd188c54fc1fe56edead952c9ee3ecc4f8127c4bac655059e7cdf646f855b7730de3f53c2dbe3172a511716497b5003301676e6f26",
          "directory_permission": "0777",
          "file_permission": "0777",
          "filename": "out/out.4.log.list",
          "id": "87c7dd2a8270578bcf6a894e8b2cce333f1e7273",
          "sensitive_content": null,
          "source": null
        },
        "out/out.5.log": {
          "content": "[file out/out.5.log] - out/out.5.log",
          "content_base64": null,
          "content_base64sha256": "MjyP2TFFfILoNKAd1rk6RvibUK9G01yFpIbcom4mAkE=",
          "content_base64sha512": "t2nvdf2pQL+mUhlTXKhendHG4QPhHU1xME2o3udDMb61QKzw0nipaz5gEze5Wb6YtYKV+WaBXaXQ6lnVIHTYmw==",
          "content_md5": "0d1098bd444d76639fd9735243ad204a",
          "content_sha1": "4d4dbe5a68b5397cdd2d1040f779c390ce73cafd",
          "content_sha256": "323c8fd931457c82e834a01dd6b93a46f89b50af46d35c85a486dca26e260241",
          "content_sha512": "b769ef75fda940bfa65219535ca85e9dd1c6e103e11d4d71304da8dee74331beb540acf0d278a96b3e601337b959be98b58295f966815da5d0ea59d52074d89b",
          "directory_permission": "0777",
          "file_permission": "0777",
          "filename": "out/out.5.log.list",
          "id": "4d4dbe5a68b5397cdd2d1040f779c390ce73cafd",
          "sensitive_content": null,
          "source": null
        },
        "out/out.6.log": {
          "content": "[file out/out.6.log] - out/out.6.log",
          "content_base64": null,
          "content_base64sha256": "tKtQx0qF6RnpC4oQSXFkWiLNcbTCA2lxQrxtqwBhJ5M=",
          "content_base64sha512": "UZy9JomE777ATIdsuSQji0t5bC7fZoDzQjAHZmekpNX3nTwickK45/7vn/c77AIKTaTMaenpHCAmnt66gsFJiw==",
          "content_md5": "02162f780de73d02fdbffeeec0df04e5",
          "content_sha1": "e68edf73df78163097e5f91ba2de006be221977b",
          "content_sha256": "b4ab50c74a85e919e90b8a104971645a22cd71b4c203697142bc6dab00612793",
          "content_sha512": "519cbd268984efbec04c876cb924238b4b796c2edf6680f34230076667a4a4d5f79d3c227242b8e7feef9ff73bec020a4da4cc69e9e91c20269edeba82c1498b",
          "directory_permission": "0777",
          "file_permission": "0777",
          "filename": "out/out.6.log.list",
          "id": "e68edf73df78163097e5f91ba2de006be221977b",
          "sensitive_content": null,
          "source": null
        },
        "out/out.7.log": {
          "content": "[file out/out.7.log] - out/out.7.log",
          "content_base64": null,
          "content_base64sha256": "Sh7VLvrmuePn1mGOLnCHPJosPLASwicDTwGUOG5+E5g=",
          "content_base64sha512": "4yBcs4HcpHIYYv1vLiyoc94cp6lFmFCEf3PTiXcZt3Z1kjko96W1g611XzfWQvfSVOmY+lVwCyISjG7Yu2Z1Cw==",
          "content_md5": "c0fbe04da07d9c72994a530119bc71a5",
          "content_sha1": "d79f8b2d644404665babc4cad9f24ae72dc93fa9",
          "content_sha256": "4a1ed52efae6b9e3e7d6618e2e70873c9a2c3cb012c227034f0194386e7e1398",
          "content_sha512": "e3205cb381dca4721862fd6f2e2ca873de1ca7a9459850847f73d3897719b77675923928f7a5b583ad755f37d642f7d254e998fa55700b22128c6ed8bb66750b",
          "directory_permission": "0777",
          "file_permission": "0777",
          "filename": "out/out.7.log.list",
          "id": "d79f8b2d644404665babc4cad9f24ae72dc93fa9",
          "sensitive_content": null,
          "source": null
        },
        "out/out.8.log": {
          "content": "[file out/out.8.log] - out/out.8.log",
          "content_base64": null,
          "content_base64sha256": "7HnfnA7BpnCOtdw1pYqBb6ZAEGznD0tjoodywOyq1Ko=",
          "content_base64sha512": "438aG/hFM/A9Y/n2ASrGpP6Rf84Xk14uz77lSsO5H7EFokRHC9wfv34Qe0XEZe4IunDJai6zlWNjB7cGp/WxIA==",
          "content_md5": "f112cfce279bad7d0199a446ea204cc0",
          "content_sha1": "62375f597e2a4dda239b430398d40aedffc24770",
          "content_sha256": "ec79df9c0ec1a6708eb5dc35a58a816fa640106ce70f4b63a28772c0ecaad4aa",
          "content_sha512": "e37f1a1bf84533f03d63f9f6012ac6a4fe917fce17935e2ecfbee54ac3b91fb105a244470bdc1fbf7e107b45c465ee08ba70c96a2eb395636307b706a7f5b120",
          "directory_permission": "0777",
          "file_permission": "0777",
          "filename": "out/out.8.log.list",
          "id": "62375f597e2a4dda239b430398d40aedffc24770",
          "sensitive_content": null,
          "source": null
        }
      },
      "type": [
        "object",
        {
          "out/out.0.log": [
            "object",
            {
              "content": "string",
              "content_base64": "string",
              "content_base64sha256": "string",
              "content_base64sha512": "string",
              "content_md5": "string",
              "content_sha1": "string",
              "content_sha256": "string",
              "content_sha512": "string",
              "directory_permission": "string",
              "file_permission": "string",
              "filename": "string",
              "id": "string",
              "sensitive_content": "string",
              "source": "string"
            }
          ],
          "out/out.1.log": [
            "object",
            {
              "content": "string",
              "content_base64": "string",
              "content_base64sha256": "string",
              "content_base64sha512": "string",
              "content_md5": "string",
              "content_sha1": "string",
              "content_sha256": "string",
              "content_sha512": "string",
              "directory_permission": "string",
              "file_permission": "string",
              "filename": "string",
              "id": "string",
              "sensitive_content": "string",
              "source": "string"
            }
          ],
          "out/out.2.log": [
            "object",
            {
              "content": "string",
              "content_base64": "string",
              "content_base64sha256": "string",
              "content_base64sha512": "string",
              "content_md5": "string",
              "content_sha1": "string",
              "content_sha256": "string",
              "content_sha512": "string",
              "directory_permission": "string",
              "file_permission": "string",
              "filename": "string",
              "id": "string",
              "sensitive_content": "string",
              "source": "string"
            }
          ],
          "out/out.4.log": [
            "object",
            {
              "content": "string",
              "content_base64": "string",
              "content_base64sha256": "string",
              "content_base64sha512": "string",
              "content_md5": "string",
              "content_sha1": "string",
              "content_sha256": "string",
              "content_sha512": "string",
              "directory_permission": "string",
              "file_permission": "string",
              "filename": "string",
              "id": "string",
              "sensitive_content": "string",
              "source": "string"
            }
          ],
          "out/out.5.log": [
            "object",
            {
              "content": "string",
              "content_base64": "string",
              "content_base64sha256": "string",
              "content_base64sha512": "string",
              "content_md5": "string",
              "content_sha1": "string",
              "content_sha256": "string",
              "content_sha512": "string",
              "directory_permission": "string",
              "file_permission": "string",
              "filename": "string",
              "id": "string",
              "sensitive_content": "string",
              "source": "string"
            }
          ],
          "out/out.6.log": [
            "object",
            {
              "content": "string",
              "content_base64": "string",
              "content_base64sha256": "string",
              "content_base64sha512": "string",
              "content_md5": "string",
              "content_sha1": "string",
              "content_sha256": "string",
              "content_sha512": "string",
              "directory_permission": "string",
              "file_permission": "string",
              "filename": "string",
              "id": "string",
              "sensitive_content": "string",
              "source": "string"
            }
          ],
          "out/out.7.log": [
            "object",
            {
              "content": "string",
              "content_base64": "string",
              "content_base64sha256": "string",
              "content_base64sha512": "string",
              "content_md5": "string",
              "content_sha1": "string",
              "content_sha256": "string",
              "content_sha512": "string",
              "directory_permission": "string",
              "file_permission": "string",
              "filename": "string",
              "id": "string",
              "sensitive_content": "string",
              "source": "string"
            }
          ],
          "out/out.8.log": [
            "object",
            {
              "content": "string",
              "content_base64": "string",
              "content_base64sha256": "string",
              "content_base64sha512": "string",
              "content_md5": "string",
              "content_sha1": "string",
              "content_sha256": "string",
              "content_sha512": "string",
              "directory_permission": "string",
              "file_permission": "string",
              "filename": "string",
              "id": "string",
              "sensitive_content": "string",
              "source": "string"
            }
          ]
        }
      ],
      "sensitive": true
    },
    "files_out_set": {
      "value": {
        "out/out_set.0.log": {
          "content": "[file out/out_set.0.log] - out/out_set.0.log",
          "content_base64": null,
          "content_base64sha256": "qpnDxfg9k5Kd/09T465cP0wt2c6wOcUKHlmZq52NE9M=",
          "content_base64sha512": "GUUU6l3hB53iMTWxA8CmxPTAp8yRZIri0VVjSZeS3/kXrsA8TKSYRyExC+ycWFxgcqXngIGMUJdywUar2f8mXA==",
          "content_md5": "12d57c70be38007e96cdf5f3e869535a",
          "content_sha1": "35d9b10358aace45099231d51b0c9cf99366f4a0",
          "content_sha256": "aa99c3c5f83d93929dff4f53e3ae5c3f4c2dd9ceb039c50a1e5999ab9d8d13d3",
          "content_sha512": "194514ea5de1079de23135b103c0a6c4f4c0a7cc91648ae2d15563499792dff917aec03c4ca4984721310bec9c585c6072a5e780818c509772c146abd9ff265c",
          "directory_permission": "0777",
          "file_permission": "0777",
          "filename": "out/out_set.0.log",
          "id": "35d9b10358aace45099231d51b0c9cf99366f4a0",
          "sensitive_content": null,
          "source": null
        },
        "out/out_set.1.log": {
          "content": "[file out/out_set.1.log] - out/out_set.1.log",
          "content_base64": null,
          "content_base64sha256": "yZkK1QHNM6VDFAZ7De3ucOhnYG1GQTQYRshIPErxi9k=",
          "content_base64sha512": "E3698wz0UnKcR5F2oZPa0GTcM2xmjrfGv46TxPfxd/UNfWpxryLFo8N5hZSvTqrYKwS9Ca5GIQ7KYIiZ9Uhttw==",
          "content_md5": "778e9f6d14635b67586854f7ec5e113c",
          "content_sha1": "6e179044af148be40648e8215727a120fc40c025",
          "content_sha256": "c9990ad501cd33a54314067b0dedee70e867606d4641341846c8483c4af18bd9",
          "content_sha512": "137ebdf30cf452729c479176a193dad064dc336c668eb7c6bf8e93c4f7f177f50d7d6a71af22c5a3c3798594af4eaad82b04bd09ae46210eca608899f5486db7",
          "directory_permission": "0777",
          "file_permission": "0777",
          "filename": "out/out_set.1.log",
          "id": "6e179044af148be40648e8215727a120fc40c025",
          "sensitive_content": null,
          "source": null
        },
        "out/out_set.2.log": {
          "content": "[file out/out_set.2.log] - out/out_set.2.log",
          "content_base64": null,
          "content_base64sha256": "V8kHqN5KKvUKn/35y5CDVVuWI+ZVtxiU/rfn5V2kufM=",
          "content_base64sha512": "aq8+7bhXiS7GPJhYht+16dsbRyRt5i5dqahJu2U29ooxzgd0zA5gwHdtUsK/fsg5nqZz+rgUXSzIAl/yZaoBrQ==",
          "content_md5": "41d8ab4a3e6c4c2f31a916cf0cd61644",
          "content_sha1": "ffef7df9b2e4c0b2c307e624e6486bec88211b14",
          "content_sha256": "57c907a8de4a2af50a9ffdf9cb9083555b9623e655b71894feb7e7e55da4b9f3",
          "content_sha512": "6aaf3eedb857892ec63c985886dfb5e9db1b47246de62e5da9a849bb6536f68a31ce0774cc0e60c0776d52c2bf7ec8399ea673fab8145d2cc8025ff265aa01ad",
          "directory_permission": "0777",
          "file_permission": "0777",
          "filename": "out/out_set.2.log",
          "id": "ffef7df9b2e4c0b2c307e624e6486bec88211b14",
          "sensitive_content": null,
          "source": null
        },
        "out/out_set.4.log": {
          "content": "[file out/out_set.4.log] - out/out_set.4.log",
          "content_base64": null,
          "content_base64sha256": "AgZaWKWdeKikJOhNVNydyobwk301stTP/c2useDGJC8=",
          "content_base64sha512": "4H0DFuU0D+IMuik9Kc8VethmsbYxc4cm/UncAMVuL40XvWHd0JAnNDuZb71k7TUsvPIAUt5zT/EbsdcNFaGE4A==",
          "content_md5": "b599088a289ba46a40d0115aff1d71c8",
          "content_sha1": "231a208f1f736fe40d612d09676c254be12127bb",
          "content_sha256": "02065a58a59d78a8a424e84d54dc9dca86f0937d35b2d4cffdcdaeb1e0c6242f",
          "content_sha512": "e07d0316e5340fe20cba293d29cf157ad866b1b631738726fd49dc00c56e2f8d17bd61ddd09027343b996fbd64ed352cbcf20052de734ff11bb1d70d15a184e0",
          "directory_permission": "0777",
          "file_permission": "0777",
          "filename": "out/out_set.4.log",
          "id": "231a208f1f736fe40d612d09676c254be12127bb",
          "sensitive_content": null,
          "source": null
        },
        "out/out_set.5.log": {
          "content": "[file out/out_set.5.log] - out/out_set.5.log",
          "content_base64": null,
          "content_base64sha256": "8na/YIa+Z/OBr+yTY3JCgKIQkx0nF+QgrzvcHvG0J54=",
          "content_base64sha512": "6gWFcKPIy8JaDryUvjmczs9xPirkAhn85dCByN5R742WznCltZSjzRXF8x927iFXcx00soNs43VM/2FPzBHIHQ==",
          "content_md5": "8eb3d4059f5cd4cb3696501d3538dd50",
          "content_sha1": "5d8f74b109ea00a36fe896a6ba12d7c0e9c78a8b",
          "content_sha256": "f276bf6086be67f381afec9363724280a210931d2717e420af3bdc1ef1b4279e",
          "content_sha512": "ea058570a3c8cbc25a0ebc94be399ccecf713e2ae40219fce5d081c8de51ef8d96ce70a5b594a3cd15c5f31f76ee2157731d34b2836ce3754cff614fcc11c81d",
          "directory_permission": "0777",
          "file_permission": "0777",
          "filename": "out/out_set.5.log",
          "id": "5d8f74b109ea00a36fe896a6ba12d7c0e9c78a8b",
          "sensitive_content": null,
          "source": null
        },
        "out/out_set.6.log": {
          "content": "[file out/out_set.6.log] - out/out_set.6.log",
          "content_base64": null,
          "content_base64sha256": "n1r2tnBL/XYz68cBDkLuJKtcY/E6TsxMxZ84SAhsm9g=",
          "content_base64sha512": "BzXUGVSIIflIefLLdSaCgHmhd10bIh3BQZWts+uZXATrTx66WQ/FgP4L8eUcFawuk5TdwHtuB46zDgbr6GWvYw==",
          "content_md5": "8a269c7c7fda64c5597cb7c6ff87b1d2",
          "content_sha1": "b3b9f5309af73c1314953dd176e28ef68a7161e8",
          "content_sha256": "9f5af6b6704bfd7633ebc7010e42ee24ab5c63f13a4ecc4cc59f3848086c9bd8",
          "content_sha512": "0735d419548821f94879f2cb7526828079a1775d1b221dc14195adb3eb995c04eb4f1eba590fc580fe0bf1e51c15ac2e9394ddc07b6e078eb30e06ebe865af63",
          "directory_permission": "0777",
          "file_permission": "0777",
          "filename": "out/out_set.6.log",
          "id": "b3b9f5309af73c1314953dd176e28ef68a7161e8",
          "sensitive_content": null,
          "source": null
        },
        "out/out_set.7.log": {
          "content": "[file out/out_set.7.log] - out/out_set.7.log",
          "content_base64": null,
          "content_base64sha256": "6rYdQee/4RZS8kbQL12PyF0ZVOIXUL2YukDpGS/e28E=",
          "content_base64sha512": "dMymNW+yZcoMy9e+l27val7995b5vc1Djr+PPE2A9z6qGRxlW+UIxi5uUz6SjzYk0C1hkYFbpN0X22vkJNooEA==",
          "content_md5": "e9f93460272ebe5a48dcb9a238fc97e2",
          "content_sha1": "373efbfa28363ca41e431bc18dc0ac080a726d86",
          "content_sha256": "eab61d41e7bfe11652f246d02f5d8fc85d1954e21750bd98ba40e9192fdedbc1",
          "content_sha512": "74cca6356fb265ca0ccbd7be976eef6a5efdf796f9bdcd438ebf8f3c4d80f73eaa191c655be508c62e6e533e928f3624d02d6191815ba4dd17db6be424da2810",
          "directory_permission": "0777",
          "file_permission": "0777",
          "filename": "out/out_set.7.log",
          "id": "373efbfa28363ca41e431bc18dc0ac080a726d86",
          "sensitive_content": null,
          "source": null
        },
        "out/out_set.8.log": {
          "content": "[file out/out_set.8.log] - out/out_set.8.log",
          "content_base64": null,
          "content_base64sha256": "5LE5iOkcXNby/jAH0HnNom8W82qm/Ou8/yZRxYn4dKw=",
          "content_base64sha512": "GZXTUqcCdPcJcWGwLMuhyNZzLA/ydRkjlTUVDioVs0QDDk7Fe/GBLGq25939WnzWdJI93OwOVC1G0GT2dp11hA==",
          "content_md5": "4b5c9e6bf9f3bca59a383f6070e72d95",
          "content_sha1": "33dee7509d0119d6ae276db6812517a975bce237",
          "content_sha256": "e4b13988e91c5cd6f2fe3007d079cda26f16f36aa6fcebbcff2651c589f874ac",
          "content_sha512": "1995d352a70274f7097161b02ccba1c8d6732c0ff27519239535150e2a15b344030e4ec57bf1812c6ab6e7ddfd5a7cd674923ddcec0e542d46d064f6769d7584",
          "directory_permission": "0777",
          "file_permission": "0777",
          "filename": "out/out_set.8.log",
          "id": "33dee7509d0119d6ae276db6812517a975bce237",
          "sensitive_content": null,
          "source": null
        }
      },
      "type": [
        "object",
        {
          "out/out_set.0.log": [
            "object",
            {
              "content": "string",
              "content_base64": "string",
              "content_base64sha256": "string",
              "content_base64sha512": "string",
              "content_md5": "string",
              "content_sha1": "string",
              "content_sha256": "string",
              "content_sha512": "string",
              "directory_permission": "string",
              "file_permission": "string",
              "filename": "string",
              "id": "string",
              "sensitive_content": "string",
              "source": "string"
            }
          ],
          "out/out_set.1.log": [
            "object",
            {
              "content": "string",
              "content_base64": "string",
              "content_base64sha256": "string",
              "content_base64sha512": "string",
              "content_md5": "string",
              "content_sha1": "string",
              "content_sha256": "string",
              "content_sha512": "string",
              "directory_permission": "string",
              "file_permission": "string",
              "filename": "string",
              "id": "string",
              "sensitive_content": "string",
              "source": "string"
            }
          ],
          "out/out_set.2.log": [
            "object",
            {
              "content": "string",
              "content_base64": "string",
              "content_base64sha256": "string",
              "content_base64sha512": "string",
              "content_md5": "string",
              "content_sha1": "string",
              "content_sha256": "string",
              "content_sha512": "string",
              "directory_permission": "string",
              "file_permission": "string",
              "filename": "string",
              "id": "string",
              "sensitive_content": "string",
              "source": "string"
            }
          ],
          "out/out_set.4.log": [
            "object",
            {
              "content": "string",
              "content_base64": "string",
              "content_base64sha256": "string",
              "content_base64sha512": "string",
              "content_md5": "string",
              "content_sha1": "string",
              "content_sha256": "string",
              "content_sha512": "string",
              "directory_permission": "string",
              "file_permission": "string",
              "filename": "string",
              "id": "string",
              "sensitive_content": "string",
              "source": "string"
            }
          ],
          "out/out_set.5.log": [
            "object",
            {
              "content": "string",
              "content_base64": "string",
              "content_base64sha256": "string",
              "content_base64sha512": "string",
              "content_md5": "string",
              "content_sha1": "string",
              "content_sha256": "string",
              "content_sha512": "string",
              "directory_permission": "string",
              "file_permission": "string",
              "filename": "string",
              "id": "string",
              "sensitive_content": "string",
              "source": "string"
            }
          ],
          "out/out_set.6.log": [
            "object",
            {
              "content": "string",
              "content_base64": "string",
              "content_base64sha256": "string",
              "content_base64sha512": "string",
              "content_md5": "string",
              "content_sha1": "string",
              "content_sha256": "string",
              "content_sha512": "string",
              "directory_permission": "string",
              "file_permission": "string",
              "filename": "string",
              "id": "string",
              "sensitive_content": "string",
              "source": "string"
            }
          ],
          "out/out_set.7.log": [
            "object",
            {
              "content": "string",
              "content_base64": "string",
              "content_base64sha256": "string",
              "content_base64sha512": "string",
              "content_md5": "string",
              "content_sha1": "string",
              "content_sha256": "string",
              "content_sha512": "string",
              "directory_permission": "string",
              "file_permission": "string",
              "filename": "string",
              "id": "string",
              "sensitive_content": "string",
              "source": "string"
            }
          ],
          "out/out_set.8.log": [
            "object",
            {
              "content": "string",
              "content_base64": "string",
              "content_base64sha256": "string",
              "content_base64sha512": "string",
              "content_md5": "string",
              "content_sha1": "string",
              "content_sha256": "string",
              "content_sha512": "string",
              "directory_permission": "string",
              "file_permission": "string",
              "filename": "string",
              "id": "string",
              "sensitive_content": "string",
              "source": "string"
            }
          ]
        }
      ],
      "sensitive": true
    }
  },
  "resources": [
    {
      "mode": "managed",
      "type": "local_file",
      "name": "log",
      "provider": "provider[\"registry.terraform.io/hashicorp/local\"]",
      "instances": [
        {
          "index_key": 0,
          "schema_version": 0,
          "attributes": {
            "content": "[file 0] - jGlIyaPdiFFKjDRg",
            "content_base64": null,
            "content_base64sha256": "mELzCty7hPFjkSTYrEPxOXfuN9dUDAPkKSpWpuDjNC4=",
            "content_base64sha512": "GIfn3D0OIXFbILyFQjeIOSVoGGfjD4mcjY75YiMclyBUkAUYLrWw5w2MCijLQitSkTSo9+EUPDd5WZxfrQ5+qw==",
            "content_md5": "ff75608c099ea8fb28645acd780d73da",
            "content_sha1": "f6adaf48ab1130d40283d98fc622000282080313",
            "content_sha256": "9842f30adcbb84f1639124d8ac43f13977ee37d7540c03e4292a56a6e0e3342e",
            "content_sha512": "1887e7dc3d0e21715b20bc854237883925681867e30f899c8d8ef962231c9720549005182eb5b0e70d8c0a28cb422b529134a8f7e1143c3779599c5fad0e7eab",
            "directory_permission": "0777",
            "file_permission": "0777",
            "filename": "out/out.0.log",
            "id": "f6adaf48ab1130d40283d98fc622000282080313",
            "sensitive_content": null,
            "source": null
          },
          "sensitive_attributes": [],
          "dependencies": [
            "random_string.log_string"
          ]
        },
        {
          "index_key": 1,
          "schema_version": 0,
          "attributes": {
            "content": "[file 1] - DGVUUbjWQUJgBR3L",
            "content_base64": null,
            "content_base64sha256": "eLOBexLKXRAw5s7Qco3eA0TYtNFFMVgKseF2RIIblBA=",
            "content_base64sha512": "PfnXMFa2WPZ1+QYV7skYR2E1/R4nPdYPmcUc2F3qap5wmIfSKt4MA1BazwReHcaAmZccQRoOIz7OER3e6e0RLA==",
            "content_md5": "cd089a3cbe203ef61188963a5af83803",
            "content_sha1": "c152d2ab5b9f1c394ab9bcd7bae6cf93bf62a2e5",
            "content_sha256": "78b3817b12ca5d1030e6ced0728dde0344d8b4d14531580ab1e17644821b9410",
            "content_sha512": "3df9d73056b658f675f90615eec918476135fd1e273dd60f99c51cd85dea6a9e709887d22ade0c03505acf045e1dc68099971c411a0e233ece111ddee9ed112c",
            "directory_permission": "0777",
            "file_permission": "0777",
            "filename": "out/out.1.log",
            "id": "c152d2ab5b9f1c394ab9bcd7bae6cf93bf62a2e5",
            "sensitive_content": null,
            "source": null
          },
          "sensitive_attributes": [],
          "dependencies": [
            "random_string.log_string"
          ]
        },
        {
          "index_key": 2,
          "schema_version": 0,
          "attributes": {
            "content": "[file 2] - a10FcY2BQlfca5Ws",
            "content_base64": null,
            "content_base64sha256": "HqtkKX44LKE4UJ9I9w5XRAuA7aWALNT8kBFnAdYJ27w=",
            "content_base64sha512": "N4DznWFYB7EodbUONVlK6xT/N7RpfgHnQREYW+v2y2UdJOmQijigWYO3PHXnUGmWjg51g3bTI3fIq/2gnFRJRg==",
            "content_md5": "1a3bb28c4b896cb694dfc9307eafd72e",
            "content_sha1": "331eae40c12ec4bd36518bc8f3871578ced6b8af",
            "content_sha256": "1eab64297e382ca138509f48f70e57440b80eda5802cd4fc90116701d609dbbc",
            "content_sha512": "3780f39d615807b12875b50e35594aeb14ff37b4697e01e74111185bebf6cb651d24e9908a38a05983b73c75e75069968e0e758376d32377c8abfda09c544946",
            "directory_permission": "0777",
            "file_permission": "0777",
            "filename": "out/out.2.log",
            "id": "331eae40c12ec4bd36518bc8f3871578ced6b8af",
            "sensitive_content": null,
            "source": null
          },
          "sensitive_attributes": [],
          "dependencies": [
            "random_string.log_string"
          ]
        },
        {
          "index_key": 3,
          "schema_version": 0,
          "attributes": {
            "content": "[file 3] - 27q5wGXYYsBqwJja",
            "content_base64": null,
            "content_base64sha256": "WRNExDlrY9AwCMftJrTc557di03Gz+QKGMDApay6+GM=",
            "content_base64sha512": "bvPglI8IFKK4G7R+FLGEpx/Wk1m3tCiH/Kmqqze2UpEv4KCIadKIXoQTu12QIb2vB6897eYljFPSuofh6+hm7A==",
            "content_md5": "96e6f4c9f30f4d2639fb25010298a5c0",
            "content_sha1": "8df45b5c604a046566fa024660559594ab9e4e24",
            "content_sha256": "591344c4396b63d03008c7ed26b4dce79edd8b4dc6cfe40a18c0c0a5acbaf863",
            "content_sha512": "6ef3e0948f0814a2b81bb47e14b184a71fd69359b7b42887fca9aaab37b652912fe0a08869d2885e8413bb5d9021bdaf07af3dede6258c53d2ba87e1ebe866ec",
            "directory_permission": "0777",
            "file_permission": "0777",
            "filename": "out/out.4.log",
            "id": "8df45b5c604a046566fa024660559594ab9e4e24",
            "sensitive_content": null,
            "source": null
          },
          "sensitive_attributes": [],
          "dependencies": [
            "random_string.log_string"
          ]
        },
        {
          "index_key": 4,
          "schema_version": 0,
          "attributes": {
            "content": "[file 4] - 3dAYqW6ymPO0rLQb",
            "content_base64": null,
            "content_base64sha256": "swsz6fr8WdQUbPZUz7HNInw8VL+GZ1g7orXiY7xUT/E=",
            "content_base64sha512": "uIBtpod3tTpaywXG/iO1QdyW74NtCEFc44FtqR+9AsE3H0w+8GAnj289vtUocjGjc7+K5N9gO+3jR1JDfTTbSg==",
            "content_md5": "67069b45bc6f960e4530dae5b603ba9d",
            "content_sha1": "66713a267091f4bd2658da79373ae307e2a8e998",
            "content_sha256": "b30b33e9fafc59d4146cf654cfb1cd227c3c54bf8667583ba2b5e263bc544ff1",
            "content_sha512": "b8806da68777b53a5acb05c6fe23b541dc96ef836d08415ce3816da91fbd02c1371f4c3ef060278f6f3dbed5287231a373bf8ae4df603bede34752437d34db4a",
            "directory_permission": "0777",
            "file_permission": "0777",
            "filename": "out/out.5.log",
            "id": "66713a267091f4bd2658da79373ae307e2a8e998",
            "sensitive_content": null,
            "source": null
          },
          "sensitive_attributes": [],
          "dependencies": [
            "random_string.log_string"
          ]
        },
        {
          "index_key": 5,
          "schema_version": 0,
          "attributes": {
            "content": "[file 5] - kSDstWvulxePkY3q",
            "content_base64": null,
            "content_base64sha256": "2q/Cf06IuWdX7MsrIEMJ6oUKpsDqqcpWQjk/5/NJ6YY=",
            "content_base64sha512": "Do2jvVxjsM0ALfwvO8NZBYkdpUqAjIFDfvjR+PDDQpNY9NwVSCY8Olua4dajky+Q7a47508boiTSD8dgPwJe9Q==",
            "content_md5": "d7f1d362a3ae8f963a6d5860ce431328",
            "content_sha1": "26057594dbb133a2d4e2ce29231f7b42239e2cf0",
            "content_sha256": "daafc27f4e88b96757eccb2b204309ea850aa6c0eaa9ca5642393fe7f349e986",
            "content_sha512": "0e8da3bd5c63b0cd002dfc2f3bc35905891da54a808c81437ef8d1f8f0c3429358f4dc1548263c3a5b9ae1d6a3932f90edae3be74f1ba224d20fc7603f025ef5",
            "directory_permission": "0777",
            "file_permission": "0777",
            "filename": "out/out.6.log",
            "id": "26057594dbb133a2d4e2ce29231f7b42239e2cf0",
            "sensitive_content": null,
            "source": null
          },
          "sensitive_attributes": [],
          "dependencies": [
            "random_string.log_string"
          ]
        },
        {
          "index_key": 6,
          "schema_version": 0,
          "attributes": {
            "content": "[file 6] - cZ1oWRLe9sq29cPI",
            "content_base64": null,
            "content_base64sha256": "vmuXgb1gKnzmt5ifyGJ2p9bfi2y47pvqrk5OLrwUIgM=",
            "content_base64sha512": "rQg9hzWFyLZvYAY+pADihwb1C5rERB7rSH5eukTjw1umBAkVDfluzzt1wedj8HHS13KfWHXPurMX9BAWB4meiQ==",
            "content_md5": "1c6665133a28cba9d6cddf63559ee3a5",
            "content_sha1": "02928718582fa330cdaca75b68454de839228470",
            "content_sha256": "be6b9781bd602a7ce6b7989fc86276a7d6df8b6cb8ee9beaae4e4e2ebc142203",
            "content_sha512": "ad083d873585c8b66f60063ea400e28706f50b9ac4441eeb487e5eba44e3c35ba60409150df96ecf3b75c1e763f071d2d7729f5875cfbab317f4101607899e89",
            "directory_permission": "0777",
            "file_permission": "0777",
            "filename": "out/out.7.log",
            "id": "02928718582fa330cdaca75b68454de839228470",
            "sensitive_content": null,
            "source": null
          },
          "sensitive_attributes": [],
          "dependencies": [
            "random_string.log_string"
          ]
        },
        {
          "index_key": 7,
          "schema_version": 0,
          "attributes": {
            "content": "[file 7] - XLpfjpFgxaOnhqbB",
            "content_base64": null,
            "content_base64sha256": "BKVK7WRoW+RIxiXFN5tGfDdEsv+bhfEcjC6y/meyz38=",
            "content_base64sha512": "u5XgMALx5aiMetMLFG+WYA8ZA7Dt1XHh1t/SYjIpXolb80tZZcN8cwgfG4JQ/KhbhEY3ThL1WWlXryuCU7fIeg==",
            "content_md5": "7889da3eef053d25e66e74402d768d32",
            "content_sha1": "42cb7061593fde7def78771baab9820c8b3bc984",
            "content_sha256": "04a54aed64685be448c625c5379b467c3744b2ff9b85f11c8c2eb2fe67b2cf7f",
            "content_sha512": "bb95e03002f1e5a88c7ad30b146f96600f1903b0edd571e1d6dfd26232295e895bf34b5965c37c73081f1b8250fca85b8446374e12f5596957af2b8253b7c87a",
            "directory_permission": "0777",
            "file_permission": "0777",
            "filename": "out/out.8.log",
            "id": "42cb7061593fde7def78771baab9820c8b3bc984",
            "sensitive_content": null,
            "source": null
          },
          "sensitive_attributes": [],
          "dependencies": [
            "random_string.log_string"
          ]
        }
      ]
    },
    {
      "mode": "managed",
      "type": "local_file",
      "name": "log_fileset",
      "provider": "provider[\"registry.terraform.io/hashicorp/local\"]",
      "instances": [
        {
          "index_key": "out/out_set.0.log",
          "schema_version": 0,
          "attributes": {
            "content": "[file out/out_set.0.log] - out/out_set.0.log",
            "content_base64": null,
            "content_base64sha256": "qpnDxfg9k5Kd/09T465cP0wt2c6wOcUKHlmZq52NE9M=",
            "content_base64sha512": "GUUU6l3hB53iMTWxA8CmxPTAp8yRZIri0VVjSZeS3/kXrsA8TKSYRyExC+ycWFxgcqXngIGMUJdywUar2f8mXA==",
            "content_md5": "12d57c70be38007e96cdf5f3e869535a",
            "content_sha1": "35d9b10358aace45099231d51b0c9cf99366f4a0",
            "content_sha256": "aa99c3c5f83d93929dff4f53e3ae5c3f4c2dd9ceb039c50a1e5999ab9d8d13d3",
            "content_sha512": "194514ea5de1079de23135b103c0a6c4f4c0a7cc91648ae2d15563499792dff917aec03c4ca4984721310bec9c585c6072a5e780818c509772c146abd9ff265c",
            "directory_permission": "0777",
            "file_permission": "0777",
            "filename": "out/out_set.0.log",
            "id": "35d9b10358aace45099231d51b0c9cf99366f4a0",
            "sensitive_content": null,
            "source": null
          },
          "sensitive_attributes": []
        },
        {
          "index_key": "out/out_set.1.log",
          "schema_version": 0,
          "attributes": {
            "content": "[file out/out_set.1.log] - out/out_set.1.log",
            "content_base64": null,
            "content_base64sha256": "yZkK1QHNM6VDFAZ7De3ucOhnYG1GQTQYRshIPErxi9k=",
            "content_base64sha512": "E3698wz0UnKcR5F2oZPa0GTcM2xmjrfGv46TxPfxd/UNfWpxryLFo8N5hZSvTqrYKwS9Ca5GIQ7KYIiZ9Uhttw==",
            "content_md5": "778e9f6d14635b67586854f7ec5e113c",
            "content_sha1": "6e179044af148be40648e8215727a120fc40c025",
            "content_sha256": "c9990ad501cd33a54314067b0dedee70e867606d4641341846c8483c4af18bd9",
            "content_sha512": "137ebdf30cf452729c479176a193dad064dc336c668eb7c6bf8e93c4f7f177f50d7d6a71af22c5a3c3798594af4eaad82b04bd09ae46210eca608899f5486db7",
            "directory_permission": "0777",
            "file_permission": "0777",
            "filename": "out/out_set.1.log",
            "id": "6e179044af148be40648e8215727a120fc40c025",
            "sensitive_content": null,
            "source": null
          },
          "sensitive_attributes": []
        },
        {
          "index_key": "out/out_set.2.log",
          "schema_version": 0,
          "attributes": {
            "content": "[file out/out_set.2.log] - out/out_set.2.log",
            "content_base64": null,
            "content_base64sha256": "V8kHqN5KKvUKn/35y5CDVVuWI+ZVtxiU/rfn5V2kufM=",
            "content_base64sha512": "aq8+7bhXiS7GPJhYht+16dsbRyRt5i5dqahJu2U29ooxzgd0zA5gwHdtUsK/fsg5nqZz+rgUXSzIAl/yZaoBrQ==",
            "content_md5": "41d8ab4a3e6c4c2f31a916cf0cd61644",
            "content_sha1": "ffef7df9b2e4c0b2c307e624e6486bec88211b14",
            "content_sha256": "57c907a8de4a2af50a9ffdf9cb9083555b9623e655b71894feb7e7e55da4b9f3",
            "content_sha512": "6aaf3eedb857892ec63c985886dfb5e9db1b47246de62e5da9a849bb6536f68a31ce0774cc0e60c0776d52c2bf7ec8399ea673fab8145d2cc8025ff265aa01ad",
            "directory_permission": "0777",
            "file_permission": "0777",
            "filename": "out/out_set.2.log",
            "id": "ffef7df9b2e4c0b2c307e624e6486bec88211b14",
            "sensitive_content": null,
            "source": null
          },
          "sensitive_attributes": []
        },
        {
          "index_key": "out/out_set.4.log",
          "schema_version": 0,
          "attributes": {
            "content": "[file out/out_set.4.log] - out/out_set.4.log",
            "content_base64": null,
            "content_base64sha256": "AgZaWKWdeKikJOhNVNydyobwk301stTP/c2useDGJC8=",
            "content_base64sha512": "4H0DFuU0D+IMuik9Kc8VethmsbYxc4cm/UncAMVuL40XvWHd0JAnNDuZb71k7TUsvPIAUt5zT/EbsdcNFaGE4A==",
            "content_md5": "b599088a289ba46a40d0115aff1d71c8",
            "content_sha1": "231a208f1f736fe40d612d09676c254be12127bb",
            "content_sha256": "02065a58a59d78a8a424e84d54dc9dca86f0937d35b2d4cffdcdaeb1e0c6242f",
            "content_sha512": "e07d0316e5340fe20cba293d29cf157ad866b1b631738726fd49dc00c56e2f8d17bd61ddd09027343b996fbd64ed352cbcf20052de734ff11bb1d70d15a184e0",
            "directory_permission": "0777",
            "file_permission": "0777",
            "filename": "out/out_set.4.log",
            "id": "231a208f1f736fe40d612d09676c254be12127bb",
            "sensitive_content": null,
            "source": null
          },
          "sensitive_attributes": []
        },
        {
          "index_key": "out/out_set.5.log",
          "schema_version": 0,
          "attributes": {
            "content": "[file out/out_set.5.log] - out/out_set.5.log",
            "content_base64": null,
            "content_base64sha256": "8na/YIa+Z/OBr+yTY3JCgKIQkx0nF+QgrzvcHvG0J54=",
            "content_base64sha512": "6gWFcKPIy8JaDryUvjmczs9xPirkAhn85dCByN5R742WznCltZSjzRXF8x927iFXcx00soNs43VM/2FPzBHIHQ==",
            "content_md5": "8eb3d4059f5cd4cb3696501d3538dd50",
            "content_sha1": "5d8f74b109ea00a36fe896a6ba12d7c0e9c78a8b",
            "content_sha256": "f276bf6086be67f381afec9363724280a210931d2717e420af3bdc1ef1b4279e",
            "content_sha512": "ea058570a3c8cbc25a0ebc94be399ccecf713e2ae40219fce5d081c8de51ef8d96ce70a5b594a3cd15c5f31f76ee2157731d34b2836ce3754cff614fcc11c81d",
            "directory_permission": "0777",
            "file_permission": "0777",
            "filename": "out/out_set.5.log",
            "id": "5d8f74b109ea00a36fe896a6ba12d7c0e9c78a8b",
            "sensitive_content": null,
            "source": null
          },
          "sensitive_attributes": []
        },
        {
          "index_key": "out/out_set.6.log",
          "schema_version": 0,
          "attributes": {
            "content": "[file out/out_set.6.log] - out/out_set.6.log",
            "content_base64": null,
            "content_base64sha256": "n1r2tnBL/XYz68cBDkLuJKtcY/E6TsxMxZ84SAhsm9g=",
            "content_base64sha512": "BzXUGVSIIflIefLLdSaCgHmhd10bIh3BQZWts+uZXATrTx66WQ/FgP4L8eUcFawuk5TdwHtuB46zDgbr6GWvYw==",
            "content_md5": "8a269c7c7fda64c5597cb7c6ff87b1d2",
            "content_sha1": "b3b9f5309af73c1314953dd176e28ef68a7161e8",
            "content_sha256": "9f5af6b6704bfd7633ebc7010e42ee24ab5c63f13a4ecc4cc59f3848086c9bd8",
            "content_sha512": "0735d419548821f94879f2cb7526828079a1775d1b221dc14195adb3eb995c04eb4f1eba590fc580fe0bf1e51c15ac2e9394ddc07b6e078eb30e06ebe865af63",
            "directory_permission": "0777",
            "file_permission": "0777",
            "filename": "out/out_set.6.log",
            "id": "b3b9f5309af73c1314953dd176e28ef68a7161e8",
            "sensitive_content": null,
            "source": null
          },
          "sensitive_attributes": []
        },
        {
          "index_key": "out/out_set.7.log",
          "schema_version": 0,
          "attributes": {
            "content": "[file out/out_set.7.log] - out/out_set.7.log",
            "content_base64": null,
            "content_base64sha256": "6rYdQee/4RZS8kbQL12PyF0ZVOIXUL2YukDpGS/e28E=",
            "content_base64sha512": "dMymNW+yZcoMy9e+l27val7995b5vc1Djr+PPE2A9z6qGRxlW+UIxi5uUz6SjzYk0C1hkYFbpN0X22vkJNooEA==",
            "content_md5": "e9f93460272ebe5a48dcb9a238fc97e2",
            "content_sha1": "373efbfa28363ca41e431bc18dc0ac080a726d86",
            "content_sha256": "eab61d41e7bfe11652f246d02f5d8fc85d1954e21750bd98ba40e9192fdedbc1",
            "content_sha512": "74cca6356fb265ca0ccbd7be976eef6a5efdf796f9bdcd438ebf8f3c4d80f73eaa191c655be508c62e6e533e928f3624d02d6191815ba4dd17db6be424da2810",
            "directory_permission": "0777",
            "file_permission": "0777",
            "filename": "out/out_set.7.log",
            "id": "373efbfa28363ca41e431bc18dc0ac080a726d86",
            "sensitive_content": null,
            "source": null
          },
          "sensitive_attributes": []
        },
        {
          "index_key": "out/out_set.8.log",
          "schema_version": 0,
          "attributes": {
            "content": "[file out/out_set.8.log] - out/out_set.8.log",
            "content_base64": null,
            "content_base64sha256": "5LE5iOkcXNby/jAH0HnNom8W82qm/Ou8/yZRxYn4dKw=",
            "content_base64sha512": "GZXTUqcCdPcJcWGwLMuhyNZzLA/ydRkjlTUVDioVs0QDDk7Fe/GBLGq25939WnzWdJI93OwOVC1G0GT2dp11hA==",
            "content_md5": "4b5c9e6bf9f3bca59a383f6070e72d95",
            "content_sha1": "33dee7509d0119d6ae276db6812517a975bce237",
            "content_sha256": "e4b13988e91c5cd6f2fe3007d079cda26f16f36aa6fcebbcff2651c589f874ac",
            "content_sha512": "1995d352a70274f7097161b02ccba1c8d6732c0ff27519239535150e2a15b344030e4ec57bf1812c6ab6e7ddfd5a7cd674923ddcec0e542d46d064f6769d7584",
            "directory_permission": "0777",
            "file_permission": "0777",
            "filename": "out/out_set.8.log",
            "id": "33dee7509d0119d6ae276db6812517a975bce237",
            "sensitive_content": null,
            "source": null
          },
          "sensitive_attributes": []
        }
      ]
    },
    {
      "mode": "managed",
      "type": "local_file",
      "name": "log_list",
      "provider": "provider[\"registry.terraform.io/hashicorp/local\"]",
      "instances": [
        {
          "index_key": "out/out.0.log",
          "schema_version": 0,
          "attributes": {
            "content": "[file out/out.0.log] - out/out.0.log",
            "content_base64": null,
            "content_base64sha256": "VGlyqGappAAtuuVrUlYx2AbMTykMkIRDtKImjSXp5MA=",
            "content_base64sha512": "Nrrq+6ShHIzd1bsAzVBRUOYEekrTeClWV5kygrTbt8rV0y4CeX1hmG2o6OJFYw95tT82Z1P2obyeuI+DW9QNwQ==",
            "content_md5": "a8186bf765ff74fcce5e8fea41e9444c",
            "content_sha1": "c8dae873eed19b8017d3eae26188f6864f30bbd6",
            "content_sha256": "546972a866a9a4002dbae56b525631d806cc4f290c908443b4a2268d25e9e4c0",
            "content_sha512": "36baeafba4a11c8cddd5bb00cd505150e6047a4ad378295657993282b4dbb7cad5d32e02797d61986da8e8e245630f79b53f366753f6a1bc9eb88f835bd40dc1",
            "directory_permission": "0777",
            "file_permission": "0777",
            "filename": "out/out.0.log.list",
            "id": "c8dae873eed19b8017d3eae26188f6864f30bbd6",
            "sensitive_content": null,
            "source": null
          },
          "sensitive_attributes": []
        },
        {
          "index_key": "out/out.1.log",
          "schema_version": 0,
          "attributes": {
            "content": "[file out/out.1.log] - out/out.1.log",
            "content_base64": null,
            "content_base64sha256": "T1jWLm0ciqUtyMv6XLRfkrkrMR2NYdUG72C85Lqy58c=",
            "content_base64sha512": "RO335SJjOvH7AkfrYZKO//TaDf45ptSWvj+JRPuafKur10fp2F3Zq1m/0LRi6Xzsi3e1mtBb9mGJicyeOGLl4g==",
            "content_md5": "add16325e45243aee9e0a75bb1be3e7f",
            "content_sha1": "5056a771ffdf6d50aba0dff185a10acdd032f85b",
            "content_sha256": "4f58d62e6d1c8aa52dc8cbfa5cb45f92b92b311d8d61d506ef60bce4bab2e7c7",
            "content_sha512": "44edf7e522633af1fb0247eb61928efff4da0dfe39a6d496be3f8944fb9a7cababd747e9d85dd9ab59bfd0b462e97cec8b77b59ad05bf6618989cc9e3862e5e2",
            "directory_permission": "0777",
            "file_permission": "0777",
            "filename": "out/out.1.log.list",
            "id": "5056a771ffdf6d50aba0dff185a10acdd032f85b",
            "sensitive_content": null,
            "source": null
          },
          "sensitive_attributes": []
        },
        {
          "index_key": "out/out.2.log",
          "schema_version": 0,
          "attributes": {
            "content": "[file out/out.2.log] - out/out.2.log",
            "content_base64": null,
            "content_base64sha256": "GzV1cYY+H1eJBJVHZHsM0s2aQJEw7LF4uQflaXEf0JU=",
            "content_base64sha512": "oMOndzA6NZ7/3FlIzunrqKAqh0+1eyYN7K+Dnk4DqZJrvWSrHJFXPSmLebhSkuK/9YdRph31oN2tst1DTaLrXA==",
            "content_md5": "9500967a7ab4c936259ccb6934debd4b",
            "content_sha1": "4e7eaa7102dc124cb5ea53b5e5583a45c109af9e",
            "content_sha256": "1b357571863e1f5789049547647b0cd2cd9a409130ecb178b907e569711fd095",
            "content_sha512": "a0c3a777303a359effdc5948cee9eba8a02a874fb57b260decaf839e4e03a9926bbd64ab1c91573d298b79b85292e2bff58751a61df5a0ddadb2dd434da2eb5c",
            "directory_permission": "0777",
            "file_permission": "0777",
            "filename": "out/out.2.log.list",
            "id": "4e7eaa7102dc124cb5ea53b5e5583a45c109af9e",
            "sensitive_content": null,
            "source": null
          },
          "sensitive_attributes": []
        },
        {
          "index_key": "out/out.4.log",
          "schema_version": 0,
          "attributes": {
            "content": "[file out/out.4.log] - out/out.4.log",
            "content_base64": null,
            "content_base64sha256": "iUj5cJBhx/dCNjw7BMvSg88zsAMKUfjIQA/5iP2Gsws=",
            "content_base64sha512": "ysReDBjaKU4uu129GIxU/B/lbt6tlSye4+zE+BJ8S6xlUFnnzfZG+FW3cw3j9TwtvjFypRFxZJe1ADMBZ25vJg==",
            "content_md5": "b157f762c2f16c38c224e2c4acc21970",
            "content_sha1": "87c7dd2a8270578bcf6a894e8b2cce333f1e7273",
            "content_sha256": "8948f9709061c7f742363c3b04cbd283cf33b0030a51f8c8400ff988fd86b30b",
            "content_sha512": "cac45e0c18da294e2ebb5dbd188c54fc1fe56edead952c9ee3ecc4f8127c4bac655059e7cdf646f855b7730de3f53c2dbe3172a511716497b5003301676e6f26",
            "directory_permission": "0777",
            "file_permission": "0777",
            "filename": "out/out.4.log.list",
            "id": "87c7dd2a8270578bcf6a894e8b2cce333f1e7273",
            "sensitive_content": null,
            "source": null
          },
          "sensitive_attributes": []
        },
        {
          "index_key": "out/out.5.log",
          "schema_version": 0,
          "attributes": {
            "content": "[file out/out.5.log] - out/out.5.log",
            "content_base64": null,
            "content_base64sha256": "MjyP2TFFfILoNKAd1rk6RvibUK9G01yFpIbcom4mAkE=",
            "content_base64sha512": "t2nvdf2pQL+mUhlTXKhendHG4QPhHU1xME2o3udDMb61QKzw0nipaz5gEze5Wb6YtYKV+WaBXaXQ6lnVIHTYmw==",
            "content_md5": "0d1098bd444d76639fd9735243ad204a",
            "content_sha1": "4d4dbe5a68b5397cdd2d1040f779c390ce73cafd",
            "content_sha256": "323c8fd931457c82e834a01dd6b93a46f89b50af46d35c85a486dca26e260241",
            "content_sha512": "b769ef75fda940bfa65219535ca85e9dd1c6e103e11d4d71304da8dee74331beb540acf0d278a96b3e601337b959be98b58295f966815da5d0ea59d52074d89b",
            "directory_permission": "0777",
            "file_permission": "0777",
            "filename": "out/out.5.log.list",
            "id": "4d4dbe5a68b5397cdd2d1040f779c390ce73cafd",
            "sensitive_content": null,
            "source": null
          },
          "sensitive_attributes": []
        },
        {
          "index_key": "out/out.6.log",
          "schema_version": 0,
          "attributes": {
            "content": "[file out/out.6.log] - out/out.6.log",
            "content_base64": null,
            "content_base64sha256": "tKtQx0qF6RnpC4oQSXFkWiLNcbTCA2lxQrxtqwBhJ5M=",
            "content_base64sha512": "UZy9JomE777ATIdsuSQji0t5bC7fZoDzQjAHZmekpNX3nTwickK45/7vn/c77AIKTaTMaenpHCAmnt66gsFJiw==",
            "content_md5": "02162f780de73d02fdbffeeec0df04e5",
            "content_sha1": "e68edf73df78163097e5f91ba2de006be221977b",
            "content_sha256": "b4ab50c74a85e919e90b8a104971645a22cd71b4c203697142bc6dab00612793",
            "content_sha512": "519cbd268984efbec04c876cb924238b4b796c2edf6680f34230076667a4a4d5f79d3c227242b8e7feef9ff73bec020a4da4cc69e9e91c20269edeba82c1498b",
            "directory_permission": "0777",
            "file_permission": "0777",
            "filename": "out/out.6.log.list",
            "id": "e68edf73df78163097e5f91ba2de006be221977b",
            "sensitive_content": null,
            "source": null
          },
          "sensitive_attributes": []
        },
        {
          "index_key": "out/out.7.log",
          "schema_version": 0,
          "attributes": {
            "content": "[file out/out.7.log] - out/out.7.log",
            "content_base64": null,
            "content_base64sha256": "Sh7VLvrmuePn1mGOLnCHPJosPLASwicDTwGUOG5+E5g=",
            "content_base64sha512": "4yBcs4HcpHIYYv1vLiyoc94cp6lFmFCEf3PTiXcZt3Z1kjko96W1g611XzfWQvfSVOmY+lVwCyISjG7Yu2Z1Cw==",
            "content_md5": "c0fbe04da07d9c72994a530119bc71a5",
            "content_sha1": "d79f8b2d644404665babc4cad9f24ae72dc93fa9",
            "content_sha256": "4a1ed52efae6b9e3e7d6618e2e70873c9a2c3cb012c227034f0194386e7e1398",
            "content_sha512": "e3205cb381dca4721862fd6f2e2ca873de1ca7a9459850847f73d3897719b77675923928f7a5b583ad755f37d642f7d254e998fa55700b22128c6ed8bb66750b",
            "directory_permission": "0777",
            "file_permission": "0777",
            "filename": "out/out.7.log.list",
            "id": "d79f8b2d644404665babc4cad9f24ae72dc93fa9",
            "sensitive_content": null,
            "source": null
          },
          "sensitive_attributes": []
        },
        {
          "index_key": "out/out.8.log",
          "schema_version": 0,
          "attributes": {
            "content": "[file out/out.8.log] - out/out.8.log",
            "content_base64": null,
            "content_base64sha256": "7HnfnA7BpnCOtdw1pYqBb6ZAEGznD0tjoodywOyq1Ko=",
            "content_base64sha512": "438aG/hFM/A9Y/n2ASrGpP6Rf84Xk14uz77lSsO5H7EFokRHC9wfv34Qe0XEZe4IunDJai6zlWNjB7cGp/WxIA==",
            "content_md5": "f112cfce279bad7d0199a446ea204cc0",
            "content_sha1": "62375f597e2a4dda239b430398d40aedffc24770",
            "content_sha256": "ec79df9c0ec1a6708eb5dc35a58a816fa640106ce70f4b63a28772c0ecaad4aa",
            "content_sha512": "e37f1a1bf84533f03d63f9f6012ac6a4fe917fce17935e2ecfbee54ac3b91fb105a244470bdc1fbf7e107b45c465ee08ba70c96a2eb395636307b706a7f5b120",
            "directory_permission": "0777",
            "file_permission": "0777",
            "filename": "out/out.8.log.list",
            "id": "62375f597e2a4dda239b430398d40aedffc24770",
            "sensitive_content": null,
            "source": null
          },
          "sensitive_attributes": []
        }
      ]
    },
    {
      "mode": "managed",
      "type": "random_string",
      "name": "log_string",
      "provider": "provider[\"registry.terraform.io/hashicorp/random\"]",
      "instances": [
        {
          "index_key": 0,
          "schema_version": 2,
          "attributes": {
            "id": "jGlIyaPdiFFKjDRg",
            "keepers": null,
            "length": 16,
            "lower": true,
            "min_lower": 0,
            "min_numeric": 0,
            "min_special": 0,
            "min_upper": 0,
            "number": true,
            "numeric": true,
            "override_special": null,
            "result": "jGlIyaPdiFFKjDRg",
            "special": false,
            "upper": true
          },
          "sensitive_attributes": []
        },
        {
          "index_key": 1,
          "schema_version": 2,
          "attributes": {
            "id": "DGVUUbjWQUJgBR3L",
            "keepers": null,
            "length": 16,
            "lower": true,
            "min_lower": 0,
            "min_numeric": 0,
            "min_special": 0,
            "min_upper": 0,
            "number": true,
            "numeric": true,
            "override_special": null,
            "result": "DGVUUbjWQUJgBR3L",
            "special": false,
            "upper": true
          },
          "sensitive_attributes": []
        },
        {
          "index_key": 2,
          "schema_version": 2,
          "attributes": {
            "id": "a10FcY2BQlfca5Ws",
            "keepers": null,
            "length": 16,
            "lower": true,
            "min_lower": 0,
            "min_numeric": 0,
            "min_special": 0,
            "min_upper": 0,
            "number": true,
            "numeric": true,
            "override_special": null,
            "result": "a10FcY2BQlfca5Ws",
            "special": false,
            "upper": true
          },
          "sensitive_attributes": []
        },
        {
          "index_key": 3,
          "schema_version": 2,
          "attributes": {
            "id": "27q5wGXYYsBqwJja",
            "keepers": null,
            "length": 16,
            "lower": true,
            "min_lower": 0,
            "min_numeric": 0,
            "min_special": 0,
            "min_upper": 0,
            "number": true,
            "numeric": true,
            "override_special": null,
            "result": "27q5wGXYYsBqwJja",
            "special": false,
            "upper": true
          },
          "sensitive_attributes": []
        },
        {
          "index_key": 4,
          "schema_version": 2,
          "attributes": {
            "id": "3dAYqW6ymPO0rLQb",
            "keepers": null,
            "length": 16,
            "lower": true,
            "min_lower": 0,
            "min_numeric": 0,
            "min_special": 0,
            "min_upper": 0,
            "number": true,
            "numeric": true,
            "override_special": null,
            "result": "3dAYqW6ymPO0rLQb",
            "special": false,
            "upper": true
          },
          "sensitive_attributes": []
        },
        {
          "index_key": 5,
          "schema_version": 2,
          "attributes": {
            "id": "kSDstWvulxePkY3q",
            "keepers": null,
            "length": 16,
            "lower": true,
            "min_lower": 0,
            "min_numeric": 0,
            "min_special": 0,
            "min_upper": 0,
            "number": true,
            "numeric": true,
            "override_special": null,
            "result": "kSDstWvulxePkY3q",
            "special": false,
            "upper": true
          },
          "sensitive_attributes": []
        },
        {
          "index_key": 6,
          "schema_version": 2,
          "attributes": {
            "id": "cZ1oWRLe9sq29cPI",
            "keepers": null,
            "length": 16,
            "lower": true,
            "min_lower": 0,
            "min_numeric": 0,
            "min_special": 0,
            "min_upper": 0,
            "number": true,
            "numeric": true,
            "override_special": null,
            "result": "cZ1oWRLe9sq29cPI",
            "special": false,
            "upper": true
          },
          "sensitive_attributes": []
        },
        {
          "index_key": 7,
          "schema_version": 2,
          "attributes": {
            "id": "XLpfjpFgxaOnhqbB",
            "keepers": null,
            "length": 16,
            "lower": true,
            "min_lower": 0,
            "min_numeric": 0,
            "min_special": 0,
            "min_upper": 0,
            "number": true,
            "numeric": true,
            "override_special": null,
            "result": "XLpfjpFgxaOnhqbB",
            "special": false,
            "upper": true
          },
          "sensitive_attributes": []
        }
      ]
    }
  ],
  "check_results": null
}
