{
  "version": 4,
  "terraform_version": "1.6.6",
  "serial": 19,
  "lineage": "95857797-580d-eec2-a4d8-3664f7dfd63c",
  "outputs": {},
  "resources": [
    {
      "mode": "managed",
      "type": "local_file",
      "name": "log",
      "provider": "provider[\"registry.terraform.io/hashicorp/local\"]",
      "instances": [
        {
          "index_key": 0,
          "schema_version": 0,
          "attributes": {
            "content": "[file 0] - jGlIyaPdiFFKjDRg",
            "content_base64": null,
            "content_base64sha256": "mELzCty7hPFjkSTYrEPxOXfuN9dUDAPkKSpWpuDjNC4=",
            "content_base64sha512": "GIfn3D0OIXFbILyFQjeIOSVoGGfjD4mcjY75YiMclyBUkAUYLrWw5w2MCijLQitSkTSo9+EUPDd5WZxfrQ5+qw==",
            "content_md5": "ff75608c099ea8fb28645acd780d73da",
            "content_sha1": "f6adaf48ab1130d40283d98fc622000282080313",
            "content_sha256": "9842f30adcbb84f1639124d8ac43f13977ee37d7540c03e4292a56a6e0e3342e",
            "content_sha512": "1887e7dc3d0e21715b20bc854237883925681867e30f899c8d8ef962231c9720549005182eb5b0e70d8c0a28cb422b529134a8f7e1143c3779599c5fad0e7eab",
            "directory_permission": "0777",
            "file_permission": "0777",
            "filename": "out/out.0.log",
            "id": "f6adaf48ab1130d40283d98fc622000282080313",
            "sensitive_content": null,
            "source": null
          },
          "sensitive_attributes": [],
          "dependencies": [
            "random_string.log_string"
          ]
        },
        {
          "index_key": 1,
          "schema_version": 0,
          "attributes": {
            "content": "[file 1] - DGVUUbjWQUJgBR3L",
            "content_base64": null,
            "content_base64sha256": "eLOBexLKXRAw5s7Qco3eA0TYtNFFMVgKseF2RIIblBA=",
            "content_base64sha512": "PfnXMFa2WPZ1+QYV7skYR2E1/R4nPdYPmcUc2F3qap5wmIfSKt4MA1BazwReHcaAmZccQRoOIz7OER3e6e0RLA==",
            "content_md5": "cd089a3cbe203ef61188963a5af83803",
            "content_sha1": "c152d2ab5b9f1c394ab9bcd7bae6cf93bf62a2e5",
            "content_sha256": "78b3817b12ca5d1030e6ced0728dde0344d8b4d14531580ab1e17644821b9410",
            "content_sha512": "3df9d73056b658f675f90615eec918476135fd1e273dd60f99c51cd85dea6a9e709887d22ade0c03505acf045e1dc68099971c411a0e233ece111ddee9ed112c",
            "directory_permission": "0777",
            "file_permission": "0777",
            "filename": "out/out.1.log",
            "id": "c152d2ab5b9f1c394ab9bcd7bae6cf93bf62a2e5",
            "sensitive_content": null,
            "source": null
          },
          "sensitive_attributes": [],
          "dependencies": [
            "random_string.log_string"
          ]
        },
        {
          "index_key": 2,
          "schema_version": 0,
          "attributes": {
            "content": "[file 2] - a10FcY2BQlfca5Ws",
            "content_base64": null,
            "content_base64sha256": "HqtkKX44LKE4UJ9I9w5XRAuA7aWALNT8kBFnAdYJ27w=",
            "content_base64sha512": "N4DznWFYB7EodbUONVlK6xT/N7RpfgHnQREYW+v2y2UdJOmQijigWYO3PHXnUGmWjg51g3bTI3fIq/2gnFRJRg==",
            "content_md5": "1a3bb28c4b896cb694dfc9307eafd72e",
            "content_sha1": "331eae40c12ec4bd36518bc8f3871578ced6b8af",
            "content_sha256": "1eab64297e382ca138509f48f70e57440b80eda5802cd4fc90116701d609dbbc",
            "content_sha512": "3780f39d615807b12875b50e35594aeb14ff37b4697e01e74111185bebf6cb651d24e9908a38a05983b73c75e75069968e0e758376d32377c8abfda09c544946",
            "directory_permission": "0777",
            "file_permission": "0777",
            "filename": "out/out.2.log",
            "id": "331eae40c12ec4bd36518bc8f3871578ced6b8af",
            "sensitive_content": null,
            "source": null
          },
          "sensitive_attributes": [],
          "dependencies": [
            "random_string.log_string"
          ]
        }
      ]
    },
    {
      "mode": "managed",
      "type": "random_string",
      "name": "log_string",
      "provider": "provider[\"registry.terraform.io/hashicorp/random\"]",
      "instances": [
        {
          "index_key": 0,
          "schema_version": 2,
          "attributes": {
            "id": "jGlIyaPdiFFKjDRg",
            "keepers": null,
            "length": 16,
            "lower": true,
            "min_lower": 0,
            "min_numeric": 0,
            "min_special": 0,
            "min_upper": 0,
            "number": true,
            "numeric": true,
            "override_special": null,
            "result": "jGlIyaPdiFFKjDRg",
            "special": false,
            "upper": true
          },
          "sensitive_attributes": []
        },
        {
          "index_key": 1,
          "schema_version": 2,
          "attributes": {
            "id": "DGVUUbjWQUJgBR3L",
            "keepers": null,
            "length": 16,
            "lower": true,
            "min_lower": 0,
            "min_numeric": 0,
            "min_special": 0,
            "min_upper": 0,
            "number": true,
            "numeric": true,
            "override_special": null,
            "result": "DGVUUbjWQUJgBR3L",
            "special": false,
            "upper": true
          },
          "sensitive_attributes": []
        },
        {
          "index_key": 2,
          "schema_version": 2,
          "attributes": {
            "id": "a10FcY2BQlfca5Ws",
            "keepers": null,
            "length": 16,
            "lower": true,
            "min_lower": 0,
            "min_numeric": 0,
            "min_special": 0,
            "min_upper": 0,
            "number": true,
            "numeric": true,
            "override_special": null,
            "result": "a10FcY2BQlfca5Ws",
            "special": false,
            "upper": true
          },
          "sensitive_attributes": []
        }
      ]
    }
  ],
  "check_results": null
}
