{
  "version": 4,
  "terraform_version": "1.6.6",
  "serial": 30,
  "lineage": "95857797-580d-eec2-a4d8-3664f7dfd63c",
  "outputs": {
    "files_out": {
      "value": [
        {
          "content": "[file 0] - jGlIyaPdiFFKjDRg",
          "content_base64": null,
          "content_base64sha256": "mELzCty7hPFjkSTYrEPxOXfuN9dUDAPkKSpWpuDjNC4=",
          "content_base64sha512": "GIfn3D0OIXFbILyFQjeIOSVoGGfjD4mcjY75YiMclyBUkAUYLrWw5w2MCijLQitSkTSo9+EUPDd5WZxfrQ5+qw==",
          "content_md5": "ff75608c099ea8fb28645acd780d73da",
          "content_sha1": "f6adaf48ab1130d40283d98fc622000282080313",
          "content_sha256": "9842f30adcbb84f1639124d8ac43f13977ee37d7540c03e4292a56a6e0e3342e",
          "content_sha512": "1887e7dc3d0e21715b20bc854237883925681867e30f899c8d8ef962231c9720549005182eb5b0e70d8c0a28cb422b529134a8f7e1143c3779599c5fad0e7eab",
          "directory_permission": "0777",
          "file_permission": "0777",
          "filename": "out/out.0.log",
          "id": "f6adaf48ab1130d40283d98fc622000282080313",
          "sensitive_content": null,
          "source": null
        },
        {
          "content": "[file 1] - DGVUUbjWQUJgBR3L",
          "content_base64": null,
          "content_base64sha256": "eLOBexLKXRAw5s7Qco3eA0TYtNFFMVgKseF2RIIblBA=",
          "content_base64sha512": "PfnXMFa2WPZ1+QYV7skYR2E1/R4nPdYPmcUc2F3qap5wmIfSKt4MA1BazwReHcaAmZccQRoOIz7OER3e6e0RLA==",
          "content_md5": "cd089a3cbe203ef61188963a5af83803",
          "content_sha1": "c152d2ab5b9f1c394ab9bcd7bae6cf93bf62a2e5",
          "content_sha256": "78b3817b12ca5d1030e6ced0728dde0344d8b4d14531580ab1e17644821b9410",
          "content_sha512": "3df9d73056b658f675f90615eec918476135fd1e273dd60f99c51cd85dea6a9e709887d22ade0c03505acf045e1dc68099971c411a0e233ece111ddee9ed112c",
          "directory_permission": "0777",
          "file_permission": "0777",
          "filename": "out/out.1.log",
          "id": "c152d2ab5b9f1c394ab9bcd7bae6cf93bf62a2e5",
          "sensitive_content": null,
          "source": null
        },
        {
          "content": "[file 2] - a10FcY2BQlfca5Ws",
          "content_base64": null,
          "content_base64sha256": "HqtkKX44LKE4UJ9I9w5XRAuA7aWALNT8kBFnAdYJ27w=",
          "content_base64sha512": "N4DznWFYB7EodbUONVlK6xT/N7RpfgHnQREYW+v2y2UdJOmQijigWYO3PHXnUGmWjg51g3bTI3fIq/2gnFRJRg==",
          "content_md5": "1a3bb28c4b896cb694dfc9307eafd72e",
          "content_sha1": "331eae40c12ec4bd36518bc8f3871578ced6b8af",
          "content_sha256": "1eab64297e382ca138509f48f70e57440b80eda5802cd4fc90116701d609dbbc",
          "content_sha512": "3780f39d615807b12875b50e35594aeb14ff37b4697e01e74111185bebf6cb651d24e9908a38a05983b73c75e75069968e0e758376d32377c8abfda09c544946",
          "directory_permission": "0777",
          "file_permission": "0777",
          "filename": "out/out.2.log",
          "id": "331eae40c12ec4bd36518bc8f3871578ced6b8af",
          "sensitive_content": null,
          "source": null
        },
        {
          "content": "[file 3] - 27q5wGXYYsBqwJja",
          "content_base64": null,
          "content_base64sha256": "WRNExDlrY9AwCMftJrTc557di03Gz+QKGMDApay6+GM=",
          "content_base64sha512": "bvPglI8IFKK4G7R+FLGEpx/Wk1m3tCiH/Kmqqze2UpEv4KCIadKIXoQTu12QIb2vB6897eYljFPSuofh6+hm7A==",
          "content_md5": "96e6f4c9f30f4d2639fb25010298a5c0",
          "content_sha1": "8df45b5c604a046566fa024660559594ab9e4e24",
          "content_sha256": "591344c4396b63d03008c7ed26b4dce79edd8b4dc6cfe40a18c0c0a5acbaf863",
          "content_sha512": "6ef3e0948f0814a2b81bb47e14b184a71fd69359b7b42887fca9aaab37b652912fe0a08869d2885e8413bb5d9021bdaf07af3dede6258c53d2ba87e1ebe866ec",
          "directory_permission": "0777",
          "file_permission": "0777",
          "filename": "out/out.4.log",
          "id": "8df45b5c604a046566fa024660559594ab9e4e24",
          "sensitive_content": null,
          "source": null
        },
        {
          "content": "[file 4] - 3dAYqW6ymPO0rLQb",
          "content_base64": null,
          "content_base64sha256": "swsz6fr8WdQUbPZUz7HNInw8VL+GZ1g7orXiY7xUT/E=",
          "content_base64sha512": "uIBtpod3tTpaywXG/iO1QdyW74NtCEFc44FtqR+9AsE3H0w+8GAnj289vtUocjGjc7+K5N9gO+3jR1JDfTTbSg==",
          "content_md5": "67069b45bc6f960e4530dae5b603ba9d",
          "content_sha1": "66713a267091f4bd2658da79373ae307e2a8e998",
          "content_sha256": "b30b33e9fafc59d4146cf654cfb1cd227c3c54bf8667583ba2b5e263bc544ff1",
          "content_sha512": "b8806da68777b53a5acb05c6fe23b541dc96ef836d08415ce3816da91fbd02c1371f4c3ef060278f6f3dbed5287231a373bf8ae4df603bede34752437d34db4a",
          "directory_permission": "0777",
          "file_permission": "0777",
          "filename": "out/out.5.log",
          "id": "66713a267091f4bd2658da79373ae307e2a8e998",
          "sensitive_content": null,
          "source": null
        },
        {
          "content": "[file 5] - kSDstWvulxePkY3q",
          "content_base64": null,
          "content_base64sha256": "2q/Cf06IuWdX7MsrIEMJ6oUKpsDqqcpWQjk/5/NJ6YY=",
          "content_base64sha512": "Do2jvVxjsM0ALfwvO8NZBYkdpUqAjIFDfvjR+PDDQpNY9NwVSCY8Olua4dajky+Q7a47508boiTSD8dgPwJe9Q==",
          "content_md5": "d7f1d362a3ae8f963a6d5860ce431328",
          "content_sha1": "26057594dbb133a2d4e2ce29231f7b42239e2cf0",
          "content_sha256": "daafc27f4e88b96757eccb2b204309ea850aa6c0eaa9ca5642393fe7f349e986",
          "content_sha512": "0e8da3bd5c63b0cd002dfc2f3bc35905891da54a808c81437ef8d1f8f0c3429358f4dc1548263c3a5b9ae1d6a3932f90edae3be74f1ba224d20fc7603f025ef5",
          "directory_permission": "0777",
          "file_permission": "0777",
          "filename": "out/out.6.log",
          "id": "26057594dbb133a2d4e2ce29231f7b42239e2cf0",
          "sensitive_content": null,
          "source": null
        },
        {
          "content": "[file 6] - cZ1oWRLe9sq29cPI",
          "content_base64": null,
          "content_base64sha256": "vmuXgb1gKnzmt5ifyGJ2p9bfi2y47pvqrk5OLrwUIgM=",
          "content_base64sha512": "rQg9hzWFyLZvYAY+pADihwb1C5rERB7rSH5eukTjw1umBAkVDfluzzt1wedj8HHS13KfWHXPurMX9BAWB4meiQ==",
          "content_md5": "1c6665133a28cba9d6cddf63559ee3a5",
          "content_sha1": "02928718582fa330cdaca75b68454de839228470",
          "content_sha256": "be6b9781bd602a7ce6b7989fc86276a7d6df8b6cb8ee9beaae4e4e2ebc142203",
          "content_sha512": "ad083d873585c8b66f60063ea400e28706f50b9ac4441eeb487e5eba44e3c35ba60409150df96ecf3b75c1e763f071d2d7729f5875cfbab317f4101607899e89",
          "directory_permission": "0777",
          "file_permission": "0777",
          "filename": "out/out.7.log",
          "id": "02928718582fa330cdaca75b68454de839228470",
          "sensitive_content": null,
          "source": null
        },
        {
          "content": "[file 7] - XLpfjpFgxaOnhqbB",
          "content_base64": null,
          "content_base64sha256": "BKVK7WRoW+RIxiXFN5tGfDdEsv+bhfEcjC6y/meyz38=",
          "content_base64sha512": "u5XgMALx5aiMetMLFG+WYA8ZA7Dt1XHh1t/SYjIpXolb80tZZcN8cwgfG4JQ/KhbhEY3ThL1WWlXryuCU7fIeg==",
          "content_md5": "7889da3eef053d25e66e74402d768d32",
          "content_sha1": "42cb7061593fde7def78771baab9820c8b3bc984",
          "content_sha256": "04a54aed64685be448c625c5379b467c3744b2ff9b85f11c8c2eb2fe67b2cf7f",
          "content_sha512": "bb95e03002f1e5a88c7ad30b146f96600f1903b0edd571e1d6dfd26232295e895bf34b5965c37c73081f1b8250fca85b8446374e12f5596957af2b8253b7c87a",
          "directory_permission": "0777",
          "file_permission": "0777",
          "filename": "out/out.8.log",
          "id": "42cb7061593fde7def78771baab9820c8b3bc984",
          "sensitive_content": null,
          "source": null
        }
      ],
      "type": [
        "tuple",
        [
          [
            "object",
            {
              "content": "string",
              "content_base64": "string",
              "content_base64sha256": "string",
              "content_base64sha512": "string",
              "content_md5": "string",
              "content_sha1": "string",
              "content_sha256": "string",
              "content_sha512": "string",
              "directory_permission": "string",
              "file_permission": "string",
              "filename": "string",
              "id": "string",
              "sensitive_content": "string",
              "source": "string"
            }
          ],
          [
            "object",
            {
              "content": "string",
              "content_base64": "string",
              "content_base64sha256": "string",
              "content_base64sha512": "string",
              "content_md5": "string",
              "content_sha1": "string",
              "content_sha256": "string",
              "content_sha512": "string",
              "directory_permission": "string",
              "file_permission": "string",
              "filename": "string",
              "id": "string",
              "sensitive_content": "string",
              "source": "string"
            }
          ],
          [
            "object",
            {
              "content": "string",
              "content_base64": "string",
              "content_base64sha256": "string",
              "content_base64sha512": "string",
              "content_md5": "string",
              "content_sha1": "string",
              "content_sha256": "string",
              "content_sha512": "string",
              "directory_permission": "string",
              "file_permission": "string",
              "filename": "string",
              "id": "string",
              "sensitive_content": "string",
              "source": "string"
            }
          ],
          [
            "object",
            {
              "content": "string",
              "content_base64": "string",
              "content_base64sha256": "string",
              "content_base64sha512": "string",
              "content_md5": "string",
              "content_sha1": "string",
              "content_sha256": "string",
              "content_sha512": "string",
              "directory_permission": "string",
              "file_permission": "string",
              "filename": "string",
              "id": "string",
              "sensitive_content": "string",
              "source": "string"
            }
          ],
          [
            "object",
            {
              "content": "string",
              "content_base64": "string",
              "content_base64sha256": "string",
              "content_base64sha512": "string",
              "content_md5": "string",
              "content_sha1": "string",
              "content_sha256": "string",
              "content_sha512": "string",
              "directory_permission": "string",
              "file_permission": "string",
              "filename": "string",
              "id": "string",
              "sensitive_content": "string",
              "source": "string"
            }
          ],
          [
            "object",
            {
              "content": "string",
              "content_base64": "string",
              "content_base64sha256": "string",
              "content_base64sha512": "string",
              "content_md5": "string",
              "content_sha1": "string",
              "content_sha256": "string",
              "content_sha512": "string",
              "directory_permission": "string",
              "file_permission": "string",
              "filename": "string",
              "id": "string",
              "sensitive_content": "string",
              "source": "string"
            }
          ],
          [
            "object",
            {
              "content": "string",
              "content_base64": "string",
              "content_base64sha256": "string",
              "content_base64sha512": "string",
              "content_md5": "string",
              "content_sha1": "string",
              "content_sha256": "string",
              "content_sha512": "string",
              "directory_permission": "string",
              "file_permission": "string",
              "filename": "string",
              "id": "string",
              "sensitive_content": "string",
              "source": "string"
            }
          ],
          [
            "object",
            {
              "content": "string",
              "content_base64": "string",
              "content_base64sha256": "string",
              "content_base64sha512": "string",
              "content_md5": "string",
              "content_sha1": "string",
              "content_sha256": "string",
              "content_sha512": "string",
              "directory_permission": "string",
              "file_permission": "string",
              "filename": "string",
              "id": "string",
              "sensitive_content": "string",
              "source": "string"
            }
          ]
        ]
      ],
      "sensitive": true
    }
  },
  "resources": [
    {
      "mode": "managed",
      "type": "local_file",
      "name": "log",
      "provider": "provider[\"registry.terraform.io/hashicorp/local\"]",
      "instances": [
        {
          "index_key": 0,
          "schema_version": 0,
          "attributes": {
            "content": "[file 0] - jGlIyaPdiFFKjDRg",
            "content_base64": null,
            "content_base64sha256": "mELzCty7hPFjkSTYrEPxOXfuN9dUDAPkKSpWpuDjNC4=",
            "content_base64sha512": "GIfn3D0OIXFbILyFQjeIOSVoGGfjD4mcjY75YiMclyBUkAUYLrWw5w2MCijLQitSkTSo9+EUPDd5WZxfrQ5+qw==",
            "content_md5": "ff75608c099ea8fb28645acd780d73da",
            "content_sha1": "f6adaf48ab1130d40283d98fc622000282080313",
            "content_sha256": "9842f30adcbb84f1639124d8ac43f13977ee37d7540c03e4292a56a6e0e3342e",
            "content_sha512": "1887e7dc3d0e21715b20bc854237883925681867e30f899c8d8ef962231c9720549005182eb5b0e70d8c0a28cb422b529134a8f7e1143c3779599c5fad0e7eab",
            "directory_permission": "0777",
            "file_permission": "0777",
            "filename": "out/out.0.log",
            "id": "f6adaf48ab1130d40283d98fc622000282080313",
            "sensitive_content": null,
            "source": null
          },
          "sensitive_attributes": [],
          "dependencies": [
            "random_string.log_string"
          ]
        },
        {
          "index_key": 1,
          "schema_version": 0,
          "attributes": {
            "content": "[file 1] - DGVUUbjWQUJgBR3L",
            "content_base64": null,
            "content_base64sha256": "eLOBexLKXRAw5s7Qco3eA0TYtNFFMVgKseF2RIIblBA=",
            "content_base64sha512": "PfnXMFa2WPZ1+QYV7skYR2E1/R4nPdYPmcUc2F3qap5wmIfSKt4MA1BazwReHcaAmZccQRoOIz7OER3e6e0RLA==",
            "content_md5": "cd089a3cbe203ef61188963a5af83803",
            "content_sha1": "c152d2ab5b9f1c394ab9bcd7bae6cf93bf62a2e5",
            "content_sha256": "78b3817b12ca5d1030e6ced0728dde0344d8b4d14531580ab1e17644821b9410",
            "content_sha512": "3df9d73056b658f675f90615eec918476135fd1e273dd60f99c51cd85dea6a9e709887d22ade0c03505acf045e1dc68099971c411a0e233ece111ddee9ed112c",
            "directory_permission": "0777",
            "file_permission": "0777",
            "filename": "out/out.1.log",
            "id": "c152d2ab5b9f1c394ab9bcd7bae6cf93bf62a2e5",
            "sensitive_content": null,
            "source": null
          },
          "sensitive_attributes": [],
          "dependencies": [
            "random_string.log_string"
          ]
        },
        {
          "index_key": 2,
          "schema_version": 0,
          "attributes": {
            "content": "[file 2] - a10FcY2BQlfca5Ws",
            "content_base64": null,
            "content_base64sha256": "HqtkKX44LKE4UJ9I9w5XRAuA7aWALNT8kBFnAdYJ27w=",
            "content_base64sha512": "N4DznWFYB7EodbUONVlK6xT/N7RpfgHnQREYW+v2y2UdJOmQijigWYO3PHXnUGmWjg51g3bTI3fIq/2gnFRJRg==",
            "content_md5": "1a3bb28c4b896cb694dfc9307eafd72e",
            "content_sha1": "331eae40c12ec4bd36518bc8f3871578ced6b8af",
            "content_sha256": "1eab64297e382ca138509f48f70e57440b80eda5802cd4fc90116701d609dbbc",
            "content_sha512": "3780f39d615807b12875b50e35594aeb14ff37b4697e01e74111185bebf6cb651d24e9908a38a05983b73c75e75069968e0e758376d32377c8abfda09c544946",
            "directory_permission": "0777",
            "file_permission": "0777",
            "filename": "out/out.2.log",
            "id": "331eae40c12ec4bd36518bc8f3871578ced6b8af",
            "sensitive_content": null,
            "source": null
          },
          "sensitive_attributes": [],
          "dependencies": [
            "random_string.log_string"
          ]
        },
        {
          "index_key": 3,
          "schema_version": 0,
          "attributes": {
            "content": "[file 3] - 27q5wGXYYsBqwJja",
            "content_base64": null,
            "content_base64sha256": "WRNExDlrY9AwCMftJrTc557di03Gz+QKGMDApay6+GM=",
            "content_base64sha512": "bvPglI8IFKK4G7R+FLGEpx/Wk1m3tCiH/Kmqqze2UpEv4KCIadKIXoQTu12QIb2vB6897eYljFPSuofh6+hm7A==",
            "content_md5": "96e6f4c9f30f4d2639fb25010298a5c0",
            "content_sha1": "8df45b5c604a046566fa024660559594ab9e4e24",
            "content_sha256": "591344c4396b63d03008c7ed26b4dce79edd8b4dc6cfe40a18c0c0a5acbaf863",
            "content_sha512": "6ef3e0948f0814a2b81bb47e14b184a71fd69359b7b42887fca9aaab37b652912fe0a08869d2885e8413bb5d9021bdaf07af3dede6258c53d2ba87e1ebe866ec",
            "directory_permission": "0777",
            "file_permission": "0777",
            "filename": "out/out.4.log",
            "id": "8df45b5c604a046566fa024660559594ab9e4e24",
            "sensitive_content": null,
            "source": null
          },
          "sensitive_attributes": [],
          "dependencies": [
            "random_string.log_string"
          ]
        },
        {
          "index_key": 4,
          "schema_version": 0,
          "attributes": {
            "content": "[file 4] - 3dAYqW6ymPO0rLQb",
            "content_base64": null,
            "content_base64sha256": "swsz6fr8WdQUbPZUz7HNInw8VL+GZ1g7orXiY7xUT/E=",
            "content_base64sha512": "uIBtpod3tTpaywXG/iO1QdyW74NtCEFc44FtqR+9AsE3H0w+8GAnj289vtUocjGjc7+K5N9gO+3jR1JDfTTbSg==",
            "content_md5": "67069b45bc6f960e4530dae5b603ba9d",
            "content_sha1": "66713a267091f4bd2658da79373ae307e2a8e998",
            "content_sha256": "b30b33e9fafc59d4146cf654cfb1cd227c3c54bf8667583ba2b5e263bc544ff1",
            "content_sha512": "b8806da68777b53a5acb05c6fe23b541dc96ef836d08415ce3816da91fbd02c1371f4c3ef060278f6f3dbed5287231a373bf8ae4df603bede34752437d34db4a",
            "directory_permission": "0777",
            "file_permission": "0777",
            "filename": "out/out.5.log",
            "id": "66713a267091f4bd2658da79373ae307e2a8e998",
            "sensitive_content": null,
            "source": null
          },
          "sensitive_attributes": [],
          "dependencies": [
            "random_string.log_string"
          ]
        },
        {
          "index_key": 5,
          "schema_version": 0,
          "attributes": {
            "content": "[file 5] - kSDstWvulxePkY3q",
            "content_base64": null,
            "content_base64sha256": "2q/Cf06IuWdX7MsrIEMJ6oUKpsDqqcpWQjk/5/NJ6YY=",
            "content_base64sha512": "Do2jvVxjsM0ALfwvO8NZBYkdpUqAjIFDfvjR+PDDQpNY9NwVSCY8Olua4dajky+Q7a47508boiTSD8dgPwJe9Q==",
            "content_md5": "d7f1d362a3ae8f963a6d5860ce431328",
            "content_sha1": "26057594dbb133a2d4e2ce29231f7b42239e2cf0",
            "content_sha256": "daafc27f4e88b96757eccb2b204309ea850aa6c0eaa9ca5642393fe7f349e986",
            "content_sha512": "0e8da3bd5c63b0cd002dfc2f3bc35905891da54a808c81437ef8d1f8f0c3429358f4dc1548263c3a5b9ae1d6a3932f90edae3be74f1ba224d20fc7603f025ef5",
            "directory_permission": "0777",
            "file_permission": "0777",
            "filename": "out/out.6.log",
            "id": "26057594dbb133a2d4e2ce29231f7b42239e2cf0",
            "sensitive_content": null,
            "source": null
          },
          "sensitive_attributes": [],
          "dependencies": [
            "random_string.log_string"
          ]
        },
        {
          "index_key": 6,
          "schema_version": 0,
          "attributes": {
            "content": "[file 6] - cZ1oWRLe9sq29cPI",
            "content_base64": null,
            "content_base64sha256": "vmuXgb1gKnzmt5ifyGJ2p9bfi2y47pvqrk5OLrwUIgM=",
            "content_base64sha512": "rQg9hzWFyLZvYAY+pADihwb1C5rERB7rSH5eukTjw1umBAkVDfluzzt1wedj8HHS13KfWHXPurMX9BAWB4meiQ==",
            "content_md5": "1c6665133a28cba9d6cddf63559ee3a5",
            "content_sha1": "02928718582fa330cdaca75b68454de839228470",
            "content_sha256": "be6b9781bd602a7ce6b7989fc86276a7d6df8b6cb8ee9beaae4e4e2ebc142203",
            "content_sha512": "ad083d873585c8b66f60063ea400e28706f50b9ac4441eeb487e5eba44e3c35ba60409150df96ecf3b75c1e763f071d2d7729f5875cfbab317f4101607899e89",
            "directory_permission": "0777",
            "file_permission": "0777",
            "filename": "out/out.7.log",
            "id": "02928718582fa330cdaca75b68454de839228470",
            "sensitive_content": null,
            "source": null
          },
          "sensitive_attributes": [],
          "dependencies": [
            "random_string.log_string"
          ]
        },
        {
          "index_key": 7,
          "schema_version": 0,
          "attributes": {
            "content": "[file 7] - XLpfjpFgxaOnhqbB",
            "content_base64": null,
            "content_base64sha256": "BKVK7WRoW+RIxiXFN5tGfDdEsv+bhfEcjC6y/meyz38=",
            "content_base64sha512": "u5XgMALx5aiMetMLFG+WYA8ZA7Dt1XHh1t/SYjIpXolb80tZZcN8cwgfG4JQ/KhbhEY3ThL1WWlXryuCU7fIeg==",
            "content_md5": "7889da3eef053d25e66e74402d768d32",
            "content_sha1": "42cb7061593fde7def78771baab9820c8b3bc984",
            "content_sha256": "04a54aed64685be448c625c5379b467c3744b2ff9b85f11c8c2eb2fe67b2cf7f",
            "content_sha512": "bb95e03002f1e5a88c7ad30b146f96600f1903b0edd571e1d6dfd26232295e895bf34b5965c37c73081f1b8250fca85b8446374e12f5596957af2b8253b7c87a",
            "directory_permission": "0777",
            "file_permission": "0777",
            "filename": "out/out.8.log",
            "id": "42cb7061593fde7def78771baab9820c8b3bc984",
            "sensitive_content": null,
            "source": null
          },
          "sensitive_attributes": [],
          "dependencies": [
            "random_string.log_string"
          ]
        }
      ]
    },
    {
      "mode": "managed",
      "type": "random_string",
      "name": "log_string",
      "provider": "provider[\"registry.terraform.io/hashicorp/random\"]",
      "instances": [
        {
          "index_key": 0,
          "schema_version": 2,
          "attributes": {
            "id": "jGlIyaPdiFFKjDRg",
            "keepers": null,
            "length": 16,
            "lower": true,
            "min_lower": 0,
            "min_numeric": 0,
            "min_special": 0,
            "min_upper": 0,
            "number": true,
            "numeric": true,
            "override_special": null,
            "result": "jGlIyaPdiFFKjDRg",
            "special": false,
            "upper": true
          },
          "sensitive_attributes": []
        },
        {
          "index_key": 1,
          "schema_version": 2,
          "attributes": {
            "id": "DGVUUbjWQUJgBR3L",
            "keepers": null,
            "length": 16,
            "lower": true,
            "min_lower": 0,
            "min_numeric": 0,
            "min_special": 0,
            "min_upper": 0,
            "number": true,
            "numeric": true,
            "override_special": null,
            "result": "DGVUUbjWQUJgBR3L",
            "special": false,
            "upper": true
          },
          "sensitive_attributes": []
        },
        {
          "index_key": 2,
          "schema_version": 2,
          "attributes": {
            "id": "a10FcY2BQlfca5Ws",
            "keepers": null,
            "length": 16,
            "lower": true,
            "min_lower": 0,
            "min_numeric": 0,
            "min_special": 0,
            "min_upper": 0,
            "number": true,
            "numeric": true,
            "override_special": null,
            "result": "a10FcY2BQlfca5Ws",
            "special": false,
            "upper": true
          },
          "sensitive_attributes": []
        },
        {
          "index_key": 3,
          "schema_version": 2,
          "attributes": {
            "id": "27q5wGXYYsBqwJja",
            "keepers": null,
            "length": 16,
            "lower": true,
            "min_lower": 0,
            "min_numeric": 0,
            "min_special": 0,
            "min_upper": 0,
            "number": true,
            "numeric": true,
            "override_special": null,
            "result": "27q5wGXYYsBqwJja",
            "special": false,
            "upper": true
          },
          "sensitive_attributes": []
        },
        {
          "index_key": 4,
          "schema_version": 2,
          "attributes": {
            "id": "3dAYqW6ymPO0rLQb",
            "keepers": null,
            "length": 16,
            "lower": true,
            "min_lower": 0,
            "min_numeric": 0,
            "min_special": 0,
            "min_upper": 0,
            "number": true,
            "numeric": true,
            "override_special": null,
            "result": "3dAYqW6ymPO0rLQb",
            "special": false,
            "upper": true
          },
          "sensitive_attributes": []
        },
        {
          "index_key": 5,
          "schema_version": 2,
          "attributes": {
            "id": "kSDstWvulxePkY3q",
            "keepers": null,
            "length": 16,
            "lower": true,
            "min_lower": 0,
            "min_numeric": 0,
            "min_special": 0,
            "min_upper": 0,
            "number": true,
            "numeric": true,
            "override_special": null,
            "result": "kSDstWvulxePkY3q",
            "special": false,
            "upper": true
          },
          "sensitive_attributes": []
        },
        {
          "index_key": 6,
          "schema_version": 2,
          "attributes": {
            "id": "cZ1oWRLe9sq29cPI",
            "keepers": null,
            "length": 16,
            "lower": true,
            "min_lower": 0,
            "min_numeric": 0,
            "min_special": 0,
            "min_upper": 0,
            "number": true,
            "numeric": true,
            "override_special": null,
            "result": "cZ1oWRLe9sq29cPI",
            "special": false,
            "upper": true
          },
          "sensitive_attributes": []
        },
        {
          "index_key": 7,
          "schema_version": 2,
          "attributes": {
            "id": "XLpfjpFgxaOnhqbB",
            "keepers": null,
            "length": 16,
            "lower": true,
            "min_lower": 0,
            "min_numeric": 0,
            "min_special": 0,
            "min_upper": 0,
            "number": true,
            "numeric": true,
            "override_special": null,
            "result": "XLpfjpFgxaOnhqbB",
            "special": false,
            "upper": true
          },
          "sensitive_attributes": []
        }
      ]
    }
  ],
  "check_results": null
}
