{
  "version": 4,
  "terraform_version": "1.6.6",
  "serial": 24,
  "lineage": "8c04934f-020a-2596-407d-2509ea7dd226",
  "outputs": {},
  "resources": [
    {
      "mode": "managed",
      "type": "local_file",
      "name": "pet",
      "provider": "provider[\"registry.terraform.io/hashicorp/local\"]",
      "instances": [
        {
          "schema_version": 0,
          "attributes": {
            "content": "All the pets are petsy",
            "content_base64": null,
            "content_base64sha256": "k22n21QrnyvvzAXKfhFVoFrcEnlOWZm+D1gOW26WHew=",
            "content_base64sha512": "ahppB46bUuuH05kUR6n+7TAbA4DUuFub/iWyLe+ZjatEkIetsSvUhhJDXq350fU8VMdOPsntCdzwfDmkwyIvFQ==",
            "content_md5": "922abb8429b30eeb0295ac73ca883668",
            "content_sha1": "88fb06a8a05610f5ccf1121f2636b90c30586ee6",
            "content_sha256": "936da7db542b9f2befcc05ca7e1155a05adc12794e5999be0f580e5b6e961dec",
            "content_sha512": "6a1a69078e9b52eb87d3991447a9feed301b0380d4b85b9bfe25b22def998dab449087adb12bd48612435eadf9d1f53c54c74e3ec9ed09dcf07c39a4c3222f15",
            "directory_permission": "0777",
            "file_permission": "0700",
            "filename": "out/pets.txt",
            "id": "88fb06a8a05610f5ccf1121f2636b90c30586ee6",
            "sensitive_content": null,
            "source": null
          },
          "sensitive_attributes": []
        }
      ]
    }
  ],
  "check_results": null
}
