{
  "version": 4,
  "terraform_version": "1.6.6",
  "serial": 9,
  "lineage": "bcdd7d43-071f-aab2-4536-acb82b8e42cb",
  "outputs": {},
  "resources": [
    {
      "mode": "managed",
      "type": "local_file",
      "name": "pet",
      "provider": "provider[\"registry.terraform.io/hashicorp/local\"]",
      "instances": [
        {
          "schema_version": 0,
          "attributes": {
            "content": "We love pets, or not",
            "content_base64": null,
            "content_base64sha256": "yrRGyX8b1QAs843EGb5V/ilaTYuxg5yQFfLScB13piM=",
            "content_base64sha512": "zVZUQQuEg1B6kY11nDhiuClyed+a/w/Wi5sQP+hJFY4/YGYQlEe+q5NETg3DFn6oCpqEevVBpiobJe93BHwd5w==",
            "content_md5": "436096965c26348154467514a983ff04",
            "content_sha1": "aa082f6ebca6b251572a346939bb405f59f0933b",
            "content_sha256": "cab446c97f1bd5002cf38dc419be55fe295a4d8bb1839c9015f2d2701d77a623",
            "content_sha512": "cd5654410b8483507a918d759c3862b8297279df9aff0fd68b9b103fe849158e3f6066109447beab93444e0dc3167ea80a9a847af541a62a1b25ef77047c1de7",
            "directory_permission": "0777",
            "file_permission": "0777",
            "filename": "./out/pets.txt",
            "id": "aa082f6ebca6b251572a346939bb405f59f0933b",
            "sensitive_content": null,
            "source": null
          },
          "sensitive_attributes": []
        }
      ]
    },
    {
      "mode": "managed",
      "type": "random_pet",
      "name": "my-pet",
      "provider": "provider[\"registry.terraform.io/hashicorp/random\"]",
      "instances": [
        {
          "schema_version": 0,
          "attributes": {
            "id": "Mrs.exciting.tadpole",
            "keepers": null,
            "length": 2,
            "prefix": "Mrs",
            "separator": "."
          },
          "sensitive_attributes": []
        }
      ]
    }
  ],
  "check_results": null
}
